{
  "name": "functions",
  "lockfileVersion": 3,
  "requires": true,
  "packages": {
    "": {
      "name": "functions",
      "dependencies": {
        "@google/genai": "^0.14.0",
        "firebase-admin": "^12.1.1",
        "firebase-functions": "^5.1.1",
        "google-auth-library": "^9.11.0"
      },
      "devDependencies": {
        "firebase-functions-test": "^3.1.0"
      },
      "engines": {
        "node": "20"
      }
    },
    "node_modules/@babel/code-frame": {
      "version": "7.24.7",
      "resolved": "https://registry.npmjs.org/@babel/code-frame/-/code-frame-7.24.7.tgz",
      "integrity": "sha512-BcYHMAAn41gDTT6ol0kLIf5a82lTbi2aZIYlY/d32Qh+PzWfPvkd1yso1w3c2dw4a+j2hMM8UOoV18TtrDACAQ==",
      "dev": true,
      "dependencies": {
        "@babel/helper-validator-identifier": "^7.24.7",
        "js-tokens": "^4.0.0",
        "picocolors": "^1.0.0"
      },
      "engines": {
        "node": ">=6.9.0"
      }
    },
    "node_modules/@babel/compat-data": {
      "version": "7.24.7",
      "resolved": "https://registry.npmjs.org/@babel/compat-data/-/compat-data-7.24.7.tgz",
      "integrity": "sha512-nLBEt1z3bsoS0yWCAj63oGTypuGf6oY07R21H4d50ctqNlS6gK6g/aTf2kGCl8xG9f+CUZ5Lz7q34/L7c1l/Q==",
      "dev": true,
      "engines": {
        "node": ">=6.9.0"
      }
    },
    "node_modules/@babel/core": {
      "version": "7.24.7",
      "resolved": "https://registry.npmjs.org/@babel/core/-/core-7.24.7.tgz",
      "integrity": "sha512-A0wPzYtFl4fEZEP082xM6wG+t/P0HiAW18a/9G81gG43/k+1O97/o+R/S0e/oArv3eF8m6h983moqQhXwA==",
      "dev": true,
      "peer": true,
      "dependencies": {
        "@babel/code-frame": "^7.24.7",
        "@babel/generator": "^7.24.7",
        "@babel/helper-compilation-targets": "^7.24.7",
        "@babel/helper-module-transforms": "^7.24.7",
        "@babel/helpers": "^7.24.7",
        "@babel/parser": "^7.24.7",
        "@babel/template": "^7.24.7",
        "@babel/traverse": "^7.24.7",
        "@babel/types": "^7.24.7",
        "@jridgewell/remapping": "^0.2.2",
        "convert-source-map": "^2.0.0",
        "debug": "^4.1.0",
        "gensync": "^1.0.0-beta.2",
        "json5": "^2.2.3",
        "semver": "^6.3.1"
      },
      "engines": {
        "node": ">=6.9.0"
      },
      "funding": {
        "type": "opencollective",
        "url": "https://opencollective.com/babel"
      }
    },
    "node_modules/@babel/generator": {
      "version": "7.24.7",
      "resolved": "https://registry.npmjs.org/@babel/generator/-/generator-7.24.7.tgz",
      "integrity": "sha512-n3oPq+5/hFpVW5YaT1h2sChY5aef2O5FDMq3Ozeo3pG2MhXvI9kFkY3XU/w2t9/v6aIEbrhkm/kQoK9+7yGDbQ==",
      "dev": true,
      "dependencies": {
        "@babel/types": "^7.24.7",
        "@jridgewell/gen-mapping": "^0.3.5",
        "jsesc": "^2.5.1"
      },
      "engines": {
        "node": ">=6.9.0"
      }
    },
    "node_modules/@babel/helper-compilation-targets": {
      "version": "7.24.7",
      "resolved": "https://registry.npmjs.org/@babel/helper-compilation-targets/-/helper-compilation-targets-7.24.7.tgz",
      "integrity": "sha512-Y14/8ka/Kmmk09stg3X9rTOanlB/iXccaSoT2r53/roCx2f31vD26tFXpkeQZck+p8G24UoV2I9M8V2+yD2+BA==",
      "dev": true,
      "dependencies": {
        "@babel/compat-data": "^7.24.7",
        "@babel/helper-validator-option": "^7.24.7",
        "browserslist": "^4.23.0",
        "lru-cache": "^5.1.1",
        "semver": "^6.3.1"
      },
      "engines": {
        "node": ">=6.9.0"
      }
    },
    "node_modules/@babel/helper-globals": {
      "version": "7.24.7",
      "resolved": "https://registry.npmjs.org/@babel/helper-globals/-/helper-globals-7.24.7.tgz",
      "integrity": "sha512-ECR1kC9+oP01dG27yvJS5TBCx4jJFH2iPs8A/38ry8622c5P5+hmStC1SGz44L9zIAN4b/6+p2p9r7K9eXJ+MA==",
      "dev": true,
      "dependencies": {
        "@babel/types": "^7.24.7"
      },
      "engines": {
        "node": ">=6.9.0"
      }
    },
    "node_modules/@babel/helper-module-imports": {
      "version": "7.24.7",
      "resolved": "https://registry.npmjs.org/@babel/helper-module-imports/-/helper-module-imports-7.24.7.tgz",
      "integrity": "sha512-0pY3s2T/X2bOADhe4a2Y8eej8p8PAxIHS6wZ3zI6d3SgKgtzE+Vv5mBfBeG1FNfPMrpQcbpS24k5T32p0s3pzA==",
      "dev": true,
      "dependencies": {
        "@babel/types": "^7.24.7"
      },
      "engines": {
        "node": ">=6.9.0"
      }
    },
    "node_modules/@babel/helper-module-transforms": {
      "version": "7.24.7",
      "resolved": "https://registry.npmjs.org/@babel/helper-module-transforms/-/helper-module-transforms-7.24.7.tgz",
      "integrity": "sha512-d0HxXvX95b/f3g8vLzcfVLZt8F8pGq3hU290sU3xtYmlyeYQxGvPcrQajClgI4wO0c/vLpB64FCNg/kso9Z7Qw==",
      "dev": true,
      "dependencies": {
        "@babel/helper-environment-visitor": "^7.24.7",
        "@babel/helper-module-imports": "^7.24.7",
        "@babel/helper-simple-access": "^7.24.7",
        "@babel/helper-split-export-declaration": "^7.24.7",
        "@babel/helper-validator-identifier": "^7.24.7",
        "@babel/traverse": "^7.24.7",
        "@babel/types": "^7.24.7"
      },
      "engines": {
        "node": ">=6.9.0"
      },
      "peerDependencies": {
        "@babel/core": "^7.0.0"
      }
    },
    "node_modules/@babel/helper-plugin-utils": {
      "version": "7.24.7",
      "resolved": "https://registry.npmjs.org/@babel/helper-plugin-utils/-/helper-plugin-utils-7.24.7.tgz",
      "integrity": "sha512-QpFR6Sk2m3p2gSt/im035b8caNu3/e3BY3kRz7yGq8kYJ/d3dKADEIAP95pI23F6i6i+48FG3wGed2Hbl+l5pA==",
      "dev": true,
      "engines": {
        "node": ">=6.9.0"
      }
    },
    "node_modules/@babel/helper-simple-access": {
      "version": "7.24.7",
      "resolved": "https://registry.npmjs.org/@babel/helper-simple-access/-/helper-simple-access-7.24.7.tgz",
      "integrity": "sha512-G+g0s+uYm9i44Rle3LytwjlNpyHiKIg1bMvjc04n4z+2sWlXUBfcsLwgtK3QTm2uL8y1hX2YtVtYho0qYJmYlw==",
      "dev": true,
      "dependencies": {
        "@babel/types": "^7.24.7"
      },
      "engines": {
        "node": ">=6.9.0"
      }
    },
    "node_modules/@babel/helper-string-parser": {
      "version": "7.24.7",
      "resolved": "https://registry.npmjs.org/@babel/helper-string-parser/-/helper-string-parser-7.24.7.tgz",
      "integrity": "sha512-dZ1JwzNn2WeOHj0Y8Bkg2wYvG5UjT0yCmnCgA+t5b5cM7d73zsyk662yApv9zAy4SYl2fSjETcjz2M2e6XzSVA==",
      "dev": true,
      "engines": {
        "node": ">=6.9.0"
      }
    },
    "node_modules/@babel/helper-validator-identifier": {
      "version": "7.24.7",
      "resolved": "https://registry.npmjs.org/@babel/helper-validator-identifier/-/helper-validator-identifier-7.24.7.tgz",
      "integrity": "sha512-Y3U72fUf3h12dhnfdj4bK/l12x43y+uPz2W5t29E1AOSD+cZ//Z5tW2U1/DT/Y+iK8Wvo+E4ePslIW22wA==",
      "dev": true,
      "engines": {
        "node": ">=6.9.0"
      }
    },
    "node_modules/@babel/helper-validator-option": {
      "version": "7.24.7",
      "resolved": "https://registry.npmjs.org/@babel/helper-validator-option/-/helper-validator-option-7.24.7.tgz",
      "integrity": "sha512-n3bX9w8pIAH8VAVBGIq5hsf2P2p2K8fVHs1mxjR24MW7aD4/8b38L4yD8uF5p5C4uP0Yh7KRGz2Y4jmuD2pGg==",
      "dev": true,
      "engines": {
        "node": ">=6.9.0"
      }
    },
    "node_modules/@babel/helpers": {
      "version": "7.24.7",
      "resolved": "https://registry.npmjs.org/@babel/helpers/-/helpers-7.24.7.tgz",
      "integrity": "sha512-h40r0Q1P5/JSfMyAWO03/D8b4eA/w2Mso2OPIPc8qESzKEDm4krDQU9GB6fXQeDdfE3W3Tj7MfrwD2rP9r/9UQ==",
      "dev": true,
      "dependencies": {
        "@babel/template": "^7.24.7",
        "@babel/traverse": "^7.24.7",
        "@babel/types": "^7.24.7"
      },
      "engines": {
        "node": ">=6.9.0"
      }
    },
    "node_modules/@babel/highlight": {
      "version": "7.24.7",
      "resolved": "https://registry.npmjs.org/@babel/highlight/-/highlight-7.24.7.tgz",
      "integrity": "sha512-Q2a7msWWd2vD2Y2a7eI4iFsp22yHUvB/4WzK8hxBvHkO/Q89nO98n6lY8h49yG5u82a/D6W2sKApK02kKxQ==",
      "dev": true,
      "dependencies": {
        "@babel/helper-validator-identifier": "^7.24.7",
        "chalk": "^2.0.0",
        "js-tokens": "^4.0.0"
      },
      "engines": {
        "node": ">=6.9.0"
      }
    },
    "node_modules/@babel/highlight/node_modules/chalk": {
      "version": "2.4.2",
      "resolved": "https://registry.npmjs.org/chalk/-/chalk-2.4.2.tgz",
      "integrity": "sha512-Mti+f9lpJNcwF4tWV8/OrTTtF1gZi+f8FqlywmLZ1341essMMckYESFbbe5u+W3/y4q65FUdbBqbOzRV4ot+VA==",
      "dev": true,
      "dependencies": {
        "ansi-styles": "^3.2.1",
        "escape-string-regexp": "^1.0.5",
        "supports-color": "^5.3.0"
      },
      "engines": {
        "node": ">=4"
      }
    },
    "node_modules/@babel/highlight/node_modules/color-convert": {
      "version": "1.9.3",
      "resolved": "https://registry.npmjs.org/color-convert/-/color-convert-1.9.3.tgz",
      "integrity": "sha512-QfAUtd+vFdAtFQcgt7q1zCFDfgqSSIIJUPEeVgrfeKimdsubf51yiiagbfdfSFUcDRrVo5l5kRTaO8zpcOOS6A==",
      "dev": true,
      "dependencies": {
        "color-name": "1.1.3"
      }
    },
    "node_modules/@babel/highlight/node_modules/color-name": {
      "version": "1.1.3",
      "resolved": "https://registry.npmjs.org/color-name/-/color-name-1.1.3.tgz",
      "integrity": "sha512-72fSenhMw2ACoQVwnWHUuzvTuVmswiApTgD2k66ynU/vicLA9QCoBCaCtgEhLai5kUe9Iic2AAbnR5pUEyRHz2Q==",
      "dev": true
    },
    "node_modules/@babel/highlight/node_modules/escape-string-regexp": {
      "version": "1.0.5",
      "resolved": "https://registry.npmjs.org/escape-string-regexp/-/escape-string-regexp-1.0.5.tgz",
      "integrity": "sha512-vbRorB5FUQWvtwJifcc8Yb/REy2b2flZqi2WaCrdkmzhZj68bVZQpgjWNtTp8bW2iiunVzbi2wODd8l9gPKgEw==",
      "dev": true,
      "engines": {
        "node": ">=0.8.0"
      }
    },
    "node_modules/@babel/highlight/node_modules/has-flag": {
      "version": "3.0.0",
      "resolved": "https://registry.npmjs.org/has-flag/-/has-flag-3.0.0.tgz",
      "integrity": "sha512-sKrqjCkDHEFlprMdaYfNopg4hoC+1WUBkHXKehM1CameronlLve5zVR4HiowYjTBIqbki0oYoWHlESAbGv30hdEw==",
      "dev": true,
      "engines": {
        "node": ">=4"
      }
    },
    "node_modules/@babel/highlight/node_modules/supports-color": {
      "version": "5.5.0",
      "resolved": "https://registry.npmjs.org/supports-color/-/supports-color-5.5.0.tgz",
      "integrity": "sha512-QjVjwdXIt408MIiAqCX4oUKsgU2SupzEzXrWOWom+oPClBFdtbDb5DbDVSCJsFelwzAyvOuZ/gRx5gDoLupA2w==",
      "dev": true,
      "dependencies": {
        "has-flag": "^3.0.0"
      },
      "engines": {
        "node": ">=4"
      }
    }
  }
}
