{
  "name": "aqui-depois-do-pix-final",
  "version": "0.0.0",
  "lockfileVersion": 3,
  "requires": true,
  "packages": {
    "": {
      "name": "aqui-depois-do-pix-final",
      "version": "0.0.0",
      "dependencies": {
        "@dnd-kit/core": "6.1.0",
        "@dnd-kit/sortable": "8.0.0",
        "@dnd-kit/utilities": "3.2.2",
        "@google/genai": "^0.21.0",
        "firebase": "^12.3.0",
        "react": "^19.1.1",
        "react-dom": "^19.1.1"
      },
      "devDependencies": {
        "@types/node": "^22.14.0",
        "@vitejs/plugin-react": "^5.0.0",
        "typescript": "~5.8.2",
        "vite": "^6.2.0"
      }
    },
    "node_modules/@babel/code-frame": {
      "version": "7.24.7",
      "resolved": "https://registry.npmjs.org/@babel/code-frame/-/code-frame-7.24.7.tgz",
      "integrity": "sha512-BcYHglkZp3klf59ziOS+54j83h2cWg39K5a2zTUnKuz2f2GgK5z3Zl9s2c43k3m+6pfD8r2gghz2oTez2mQpVQ==",
      "dev": true,
      "dependencies": {
        "@babel/highlight": "^7.24.7",
        "picocolors": "^1.0.0"
      },
      "engines": {
        "node": ">=6.9.0"
      }
    },
    "node_modules/@babel/compat-data": {
      "version": "7.24.7",
      "resolved": "https://registry.npmjs.org/@babel/compat-data/-/compat-data-7.24.7.tgz",
      "integrity": "sha512-y+u/+23gTsIu522i2TfDAP4Lw321Qz2g5gPa6xImh8DRCU/8N+F+Fpl0AB6bYw2r23K2TjdrGQUJ2sU56l+4Bg==",
      "dev": true,
      "engines": {
        "node": ">=6.9.0"
      }
    },
    "node_modules/@babel/core": {
      "version": "7.24.7",
      "resolved": "https://registry.npmjs.org/@babel/core/-/core-7.24.7.tgz",
      "integrity": "sha512-8jP3doOzOK2uM3L0t270uMPpjvftso31yS0rISp2Tzz6sD7K2C02jGk5nK2d/XUOH48S19UqB3mZ1n0eT4a4fQ==",
      "dev": true,
      "dependencies": {
        "@babel/code-frame": "^7.24.7",
        "@babel/generator": "^7.24.7",
        "@babel/helper-compilation-targets": "^7.24.7",
        "@babel/helper-module-transforms": "^7.24.7",
        "@babel/helpers": "^7.24.7",
        "@babel/parser": "^7.24.7",
        "@babel/template": "^7.24.7",
        "@babel/traverse": "^7.24.7",
        "@babel/types": "^7.24.7",
        "convert-source-map": "^2.0.0",
        "debug": "^4.1.0",
        "gensync": "^1.0.0-beta.2",
        "json5": "^2.2.3",
        "semver": "^6.3.1"
      },
      "engines": {
        "node": ">=6.9.0"
      },
      "funding": {
        "type": "opencollective",
        "url": "https://opencollective.com/babel"
      }
    },
    "node_modules/@babel/generator": {
      "version": "7.24.7",
      "resolved": "https://registry.npmjs.org/@babel/generator/-/generator-7.24.7.tgz",
      "integrity": "sha512-e5yWc242T+5LG42ml1aZf7pERXKMJmXXQW3xbi3pHi35x/k2M5rns4MGW4+lINO9KkS6uDEg1p/3l/i+fmh5jA==",
      "dev": true,
      "dependencies": {
        "@babel/types": "^7.24.7",
        "@jridgewell/gen-mapping": "^0.3.5",
        "jsesc": "^2.5.1"
      },
      "engines": {
        "node": ">=6.9.0"
      }
    },
    "node_modules/@babel/helper-compilation-targets": {
      "version": "7.24.7",
      "resolved": "https://registry.npmjs.org/@babel/helper-compilation-targets/-/helper-compilation-targets-7.24.7.tgz",
      "integrity": "sha512-Psn40l6y0s+p9xV+7pTe8/kG/bSN/6jX2zL5gA/8XWsf047bODs/xd1b3qD8zqvBFnftI/y+wPqY8tGm2yFmvw==",
      "dev": true,
      "dependencies": {
        "@babel/compat-data": "^7.24.7",
        "@babel/helper-validator-option": "^7.24.7",
        "browserslist": "^4.23.0",
        "lru-cache": "^5.1.1",
        "semver": "^6.3.1"
      },
      "engines": {
        "node": ">=6.9.0"
      }
    },
    "node_modules/@babel/helper-environment-visitor": {
      "version": "7.22.20",
      "resolved": "https://registry.npmjs.org/@babel/helper-environment-visitor/-/helper-environment-visitor-7.22.20.tgz",
      "integrity": "sha512-zfed8yLgL53d2Bwxh45S76hM22jWo2n55kI66c8S2f5h42aWPD+/2sKrf3/5k2zS55f75yQzYJ3aXz34Y4WA==",
      "dev": true,
      "engines": {
        "node": ">=6.9.0"
      }
    },
    "node_modules/@babel/helper-function-name": {
      "version": "7.24.7",
      "resolved": "https://registry.npmjs.org/@babel/helper-function-name/-/helper-function-name-7.24.7.tgz",
      "integrity": "sha512-EBm933Z0hq1cxAEf5kS2Sc85E6r1aXo1STbeD1y4KEciPj+O3fCsLp4S7d3x4S/0SMR7I3mIcsDkX65pP85TQQ==",
      "dev": true,
      "dependencies": {
        "@babel/template": "^7.24.7",
        "@babel/types": "^7.24.7"
      },
      "engines": {
        "node": ">=6.9.0"
      }
    },
    "node_modules/@babel/helper-hoist-variables": {
      "version": "7.22.5",
      "resolved": "https://registry.npmjs.org/@babel/helper-hoist-variables/-/helper-hoist-variables-7.22.5.tgz",
      "integrity": "sha512-wGjk9QGqSVqU+323oB0I1sD23g1L14wPMyiFFdlR3ESc3c2yYx3a0yPA19ycrb4kY3pMWrY/3233mofv/6sWNA==",
      "dev": true,
      "dependencies": {
        "@babel/types": "^7.22.5"
      },
      "engines": {
        "node": ">=6.9.0"
      }
    },
    "node_modules/@babel/helper-module-imports": {
      "version": "7.24.7",
      "resolved": "https://registry.npmjs.org/@babel/helper-module-imports/-/helper-module-imports-7.24.7.tgz",
      "integrity": "sha512-J/ENb/HF2b3kXQk6hM0X3O3U0t7w8jYn4AG93t0xQxKnBuEy40S+Oa2RoC+GKYb9y/eNqSH41L/+Qv/v8r2PAw==",
      "dev": true,
      "dependencies": {
        "@babel/types": "^7.24.7"
      },
      "engines": {
        "node": ">=6.9.0"
      }
    },
    "node_modules/@babel/helper-module-transforms": {
      "version": "7.24.7",
      "resolved": "https://registry.npmjs.org/@babel/helper-module-transforms/-/helper-module-transforms-7.24.7.tgz",
      "integrity": "sha512-8I3I12yQPIA/tJ0G9JbTCRHnB92jZbHfeG/c6fC1eD83yEZcM9g/bM4u3nWLh9Wz6Am8T7HkStq2i2tY34AOYQ==",
      "dev": true,
      "dependencies": {
        "@babel/helper-environment-visitor": "^7.22.20",
        "@babel/helper-module-imports": "^7.24.7",
        "@babel/helper-simple-access": "^7.24.7",
        "@babel/helper-split-export-declaration": "^7.24.7",
        "@babel/helper-validator-identifier": "^7.24.7",
        "@babel/traverse": "^7.24.7",
        "@babel/types": "^7.24.7"
      },
      "engines": {
        "node": ">=6.9.0"
      },
      "peerDependencies": {
        "@babel/core": "^7.0.0"
      }
    },
    "node_modules/@babel/helper-plugin-utils": {
      "version": "7.24.7",
      "resolved": "https://registry.npmjs.org/@babel/helper-plugin-utils/-/helper-plugin-utils-7.24.7.tgz",
      "integrity": "sha512-fHbDOD6a9YFCyavx1FkNU6e2tVRep0G2k4A9yIt6pYSMsso8Ivt44s5MgnuUvwsz/k4N2WIH5sUrkOa4zEbx9A==",
      "dev": true,
      "engines": {
        "node": ">=6.9.0"
      }
    },
    "node_modules/@babel/helper-simple-access": {
      "version": "7.24.7",
      "resolved": "https://registry.npmjs.org/@babel/helper-simple-access/-/helper-simple-access-7.24.7.tgz",
      "integrity": "sha512-iLVRfStBylAvXgOhL2xDNQWERBYE4f2Qc2o/rVz9X5C83sN7uG/XWnS+VzI3pRAiKzM2Zbk+yXhJ41Ksrw5DkA==",
      "dev": true,
      "dependencies": {
        "@babel/types": "^7.24.7"
      },
      "engines": {
        "node": ">=6.9.0"
      }
    },
    "node_modules/@babel/helper-split-export-declaration": {
      "version": "7.24.7",
      "resolved": "https://registry.npmjs.org/@babel/helper-split-export-declaration/-/helper-split-export-declaration-7.24.7.tgz",
      "integrity": "sha512-o/xYGu/H+mg9YFH5TNwZApshF0biSC2kH/DOXhLV03tO5zLgDkK0a6p4sS/2Ftzr3trV0vAybl6QG2A3tPxyvA==",
      "dev": true,
      "dependencies": {
        "@babel/types": "^7.24.7"
      },
      "engines": {
        "node": ">=6.9.0"
      }
    },
    "node_modules/@babel/helper-string-parser": {
      "version": "7.24.7",
      "resolved": "https://registry.npmjs.org/@babel/helper-string-parser/-/helper-string-parser-7.24.7.tgz",
      "integrity": "sha512-32i1A2Y2y4bT2i8OfVzM5v509MAtAKbEx8wDVe3uhCu2g9e3PYsEAj2cQ9A8V3s043KxS4z7I85H41Q4i2iY8Q==",
      "dev": true,
      "engines": {
        "node": ">=6.9.0"
      }
    },
    "node_modules/@babel/helper-validator-identifier": {
      "version": "7.24.7",
      "resolved": "https://registry.npmjs.org/@babel/helper-validator-identifier/-/helper-validator-identifier-7.24.7.tgz",
      "integrity": "sha512-1QO+v5yg19/ct94l9m/C1F3uM72e4H8/mflprIZaZDSrHB882j3239W2xsh3ywbv1S0i1lMTi8ECAoJOkPIxTw==",
      "dev": true,
      "engines": {
        "node": ">=6.9.0"
      }
    },
    "node_modules/@babel/helper-validator-option": {
      "version": "7.24.7",
      "resolved": "https://registry.npmjs.org/@babel/helper-validator-option/-/helper-validator-option-7.24.7.tgz",
      "integrity": "sha512-nLgK4p37MC5026v4pA8Yepg28bV22nStdtdscqaNyOL58xInbbj2/4T4e4b2C6V31Z14Z5T/k3SyI2T4IuJ4iA==",
      "dev": true,
      "engines": {
        "node": ">=6.9.0"
      }
    },
    "node_modules/@babel/helpers": {
      "version": "7.24.7",
      "resolved": "https://registry.npmjs.org/@babel/helpers/-/helpers-7.24.7.tgz",
      "integrity": "sha512-n3sA32ylJoc2PSc6W8HjYDp9fS0yQxSI/ma+dswsK4PdcSWuSj5WIAFPuoSXr2aRtGsNus+g8v6zXQz6GqtWUA==",
      "dev": true,
      "dependencies": {
        "@babel/template": "^7.24.7",
        "@babel/traverse": "^7.24.7",
        "@babel/types": "^7.24.7"
      },
      "engines": {
        "node": ">=6.9.0"
      }
    },
    "node_modules/@babel/highlight": {
      "version": "7.24.7",
      "resolved": "https://registry.npmjs.org/@babel/highlight/-/highlight-7.24.7.tgz",
      "integrity": "sha512-q/VAWB9/dDBilU2P2aKMLDBQk+gdtTu4E5d233eOk3Gv2x+4e29rPaIADsOaeyfcwzcjz23sHPYI8aOZoA33/w==",
      "dev": true,
      "dependencies": {
        "@babel/helper-validator-identifier": "^7.24.7",
        "chalk": "^2.0.0",
        "js-tokens": "^4.0.0"
      },
      "engines": {
        "node": ">=6.9.0"
      }
    },
    "node_modules/@babel/highlight/node_modules/ansi-styles": {
      "version": "3.2.1",
      "resolved": "https://registry.npmjs.org/ansi-styles/-/ansi-styles-3.2.1.tgz",
      "integrity": "sha512-VT0ZI6kZRdTh8YyJw3SMbYm/u+NqfsAxEpWO0Pf9sq8/e94WxxOpPKx9FR1FlyCtOVDNOQ+8ntlqFxiRc+r5qA==",
      "dev": true,
      "dependencies": {
        "color-convert": "^1.9.0"
      },
      "engines": {
        "node": ">=4"
      }
    },
    "node_modules/@babel/highlight/node_modules/chalk": {
      "version": "2.4.2",
      "resolved": "https://registry.npmjs.org/chalk/-/chalk-2.4.2.tgz",
      "integrity": "sha512-Mti+f9lpJNcwF4tWV8/OrTTtF1gZi+f8FqlywYLZzmsTuc7m4ciZWz0kCFWHxdhIzIrV6YBNP94n0aTSz फिजियोथेरेपी",
      "dev": true,
      "dependencies": {
        "ansi-styles": "^3.2.1",
        "escape-string-regexp": "^1.0.5",
        "supports-color": "^5.3.0"
      },
      "engines": {
        "node": ">=4"
      }
    },
    "node_modules/@babel/highlight/node_modules/color-convert": {
      "version": "1.9.3",
      "resolved": "https://registry.npmjs.org/color-convert/-/color-convert-1.9.3.tgz",
      "integrity": "sha512-QfAUtd+vFdAtFQh_NAp4LPjक्ष/h2/i5v02CshcfQJvQi7IcmEDwA1z+a4kAh4wwUkV2rXWTcXtYsObyuHPoA==",
      "dev": true,
      "dependencies": {
        "color-name": "1.1.3"
      }
    },
    "node_modules/@babel/highlight/node_modules/color-name": {
      "version": "1.1.3",
      "resolved": "https://registry.npmjs.org/color-name/-/color-name-1.1.3.tgz",
      "integrity": "sha512-72fSenhMw2ACoSW5vgu4q/iucD8vrjcDhCIUgb7onh8rBIVHvsBP+seDbGZX7vLa8freADePPOggLSXbhuS9yQ==",
      "dev": true
    },
    "node_modules/@babel/highlight/node_modules/escape-string-regexp": {
      "version": "1.0.5",
      "resolved": "https://registry.npmjs.org/escape-string-regexp/-/escape-string-regexp-1.0.5.tgz",
      "integrity": "sha512-vbRorB5FUQWvla16U8R/qgaFIya2qGzwDrA4PlcixiRztHILCsVsDellLHpVTA2YbS2O+4Q8C2HifjA7nm54PA==",
      "dev": true,
      "engines": {
        "node": ">=0.8.0"
      }
    },
    "node_modules/@babel/highlight/node_modules/has-flag": {
      "version": "3.0.0",
      "resolved": "https://registry.npmjs.org/has-flag/-/has-flag-3.0.0.tgz",
      "integrity": "sha512-sKYa/B0NDd2pMcx/stCLIFCDBtzccLNTrGEoixJb7aYCA63bbP/Ds+YCI9fQf3ZSSvXvEAVe0tFCZfNPVnlL8A==",
      "dev": true,
      "engines": {
        "node": ">=4"
      }
    },
    "node_modules/@babel/highlight/node_modules/supports-color": {
      "version": "5.5.0",
      "resolved": "https://registry.npmjs.org/supports-color/-/supports-color-5.5.0.tgz",
      "integrity": "sha512-QjVjwdXIt408MIiAqCX4oUKsgU2Supz4z4gToTfjGo+QQ5yl+Z38gXLY9p5iMsZuzjcVTAbzM9ePCZRyvRksZw==",
      "dev": true,
      "dependencies": {
        "has-flag": "^3.0.0"
      },
      "engines": {
        "node": ">=4"
      }
    },
    "node_modules/@babel/parser": {
      "version": "7.24.7",
      "resolved": "https://registry.npmjs.org/@babel/parser/-/parser-7.24.7.tgz",
      "integrity": "sha512-obTsfkG++2TIIAWgXRiX2zGr957Y1w/t18uubmfe+iP7aIasxIf8SWh0No4GQ/UOWa2/3haG65YI0v3r7o0y0w==",
      "dev": true,
      "dependencies": {
        "@babel/types": "^7.24.7"
      },
      "bin": {
        "parser": "bin/babel-parser.js"
      },
      "engines": {
        "node": ">=6.0.0"
      }
    },
    "node_modules/@babel/plugin-transform-react-jsx-self": {
      "version": "7.24.7",
      "resolved": "https://registry.npmjs.org/@babel/plugin-transform-react-jsx-self/-/plugin-transform-react-jsx-self-7.24.7.tgz",
      "integrity": "sha512-m3q+vH2H/r6UaQY/tW0+j0s/GgXN5V4tcrOq1n+82c/Pj/7Bf1j38W4JgwnYJM/q9zVzR/PPDcWb7m/uQ==",
      "dev": true,
      "dependencies": {
        "@babel/helper-plugin-utils": "^7.24.7"
      },
      "engines": {
        "node": ">=6.9.0"
      },
      "peerDependencies": {
        "@babel/core": "^7.0.0-0"
      }
    },
    "node_modules/@babel/plugin-transform-react-jsx-source": {
      "version": "7.24.7",
      "resolved": "https://registry.npmjs.org/@babel/plugin-transform-react-jsx-source/-/plugin-transform-react-jsx-source-7.24.7.tgz",
      "integrity": "sha512-d+9GzKkXFf1y0yA/1Aih0jGu+HwKnFpS04LqI0d9O6VlD3fS4303kXyQIIXgH+d9hIe1vYjN3rYh+yQ4A==",
      "dev": true,
      "dependencies": {
        "@babel/helper-plugin-utils": "^7.24.7"
      },
      "engines": {
        "node": ">=6.9.0"
      },
      "peerDependencies": {
        "@babel/core": "^7.0.0-0"
      }
    },
    "node_modules/@babel/template": {
      "version": "7.24.7",
      "resolved": "https://registry.npmjs.org/@babel/template/-/template-7.24.7.tgz",
      "integrity": "sha512-o/S1x05/Y1oB3UpcWjOhXgPz2z8/g0v2yCF4wvrwzO4LYkL1yRGgV2nCS/2k7eSFz5lG3j5P/5/Xp9G6kXo20w==",
      "dev": true,
      "dependencies": {
        "@babel/code-frame": "^7.24.7",
        "@babel/parser": "^7.24.7",
        "@babel/types": "^7.24.7"
      },
      "engines": {
        "node": ">=6.9.0"
      }
    },
    "node_modules/@babel/traverse": {
      "version": "7.24.7",
      "resolved": "https://registry.npmjs.org/@babel/traverse/-/traverse-7.24.7.tgz",
      "integrity": "sha512-Y/Bse3XhPO3a4qXyzb5I45Fd92X8FjQ5y36fTMpRQ5uRDxiH45sMv0vJDoT1WCK2rTGRy3zgdI9x1/w6SgK7hQ==",
      "dev": true,
      "dependencies": {
        "@babel/code-frame": "^7.24.7",
        "@babel/generator": "^7.24.7",
        "@babel/helper-environment-visitor": "^7.22.20",
        "@babel/helper-function-name": "^7.24.7",
        "@babel/helper-hoist-variables": "^7.22.5",
        "@babel/helper-split-export-declaration": "^7.24.7",
        "@babel/parser": "^7.24.7",
        "@babel/types": "^7.24.7",
        "debug": "^4.1.0",
        "globals": "^11.1.0"
      },
      "engines": {
        "node": ">=6.9.0"
      }
    },
    "node_modules/@babel/types": {
      "version": "7.24.7",
      "resolved": "https://registry.npmjs.org/@babel/types/-/types-7.24.7.tgz",
      "integrity": "sha512-/AIfhA/Dmca73yIzdJJpMSbMEe/Kjx7UurSY52fPccN3QRvi8gM1A0e+c3/XzIs5IqmeqobT3L1w0S3e5tYvNw==",
      "dev": true,
      "dependencies": {
        "@babel/helper-string-parser": "^7.24.7",
        "@babel/helper-validator-identifier": "^7.24.7",
        "to-fast-properties": "^2.0.0"
      },
      "engines": {
        "node": ">=6.9.0"
      }
    },
    "node_modules/@dnd-kit/accessibility": {
      "version": "3.1.1",
      "resolved": "https://registry.npmjs.org/@dnd-kit/accessibility/-/accessibility-3.1.1.tgz",
      "integrity": "sha512-2P+YgaXF+gRsIihwwY1gCsQSYnu9Zyj2py8kY5fFvUM1qm2WA2u639R6YNVfU4GWr+ZM5mqEsfHZZLoRONbemw==",
      "dependencies": {
        "tslib": "^2.0.0"
      },
      "peerDependencies": {
        "react": ">=16.8.0"
      }
    },
    "node_modules/@dnd-kit/core": {
      "version": "6.1.0",
      "resolved": "https://registry.npmjs.org/@dnd-kit/core/-/core-6.1.0.tgz",
      "integrity": "sha512-J3cQBClB4TVxwGo3KEjssGEXNJqGVWx17aRTZ1ob0FliR5IjYgTxl5YJbKTzA6IzrtelotH19v6y7uoIRUZPSg==",
      "dependencies": {
        "@dnd-kit/accessibility": "^3.1.0",
        "@dnd-kit/utilities": "^3.2.2",
        "tslib": "^2.0.0"
      },
      "peerDependencies": {
        "react": ">=16.8.0",
        "react-dom": ">=16.8.0"
      }
    },
    "node_modules/@dnd-kit/sortable": {
      "version": "8.0.0",
      "resolved": "https://registry.npmjs.org/@dnd-kit/sortable/-/sortable-8.0.0.tgz",
      "integrity": "sha512-U3jk5ebVXe1Lr7c2wU7SBZjcWdQP+j7peHJfCspnA81enlu88Mgd7CC8Q+pub9ubP7eKVETzJW+IBAhsqbSu/g==",
      "dependencies": {
        "@dnd-kit/utilities": "^3.2.2",
        "tslib": "^2.0.0"
      },
      "peerDependencies": {
        "@dnd-kit/core": "^6.1.0",
        "react": ">=16.8.0"
      }
    },
    "node_modules/@dnd-kit/utilities": {
      "version": "3.2.2",
      "resolved": "https://registry.npmjs.org/@dnd-kit/utilities/-/utilities-3.2.2.tgz",
      "integrity": "sha512-+MKAJEOfaBe5SmV6t34p80MMKhjvUz0vRrvVJbPT0WElzaOJ/1xs+D+KDv+tD/NE5ujfrChEcshd4fLn0wpiqg==",
      "dependencies": {
        "tslib": "^2.0.0"
      },
      "peerDependencies": {
        "react": ">=16.8.0"
      }
    },
    "node_modules/@google/genai": {
      "version": "0.21.0",
      "resolved": "https://registry.npmjs.org/@google/genai/-/genai-0.21.0.tgz",
      "integrity": "sha512-Y147HjSnqOqB7aRPE8S6wYMbv1f6lE0aGnR5kEe2/qWKHU01Nff607yS6k61bsb3nOflt5tq0jA2+I45u/aL4Q==",
      "dependencies": {
        "tslib": "^2.5.3"
      }
    },
    "node_modules/@jridgewell/gen-mapping": {
      "version": "0.3.5",
      "resolved": "https://registry.npmjs.org/@jridgewell/gen-mapping/-/gen-mapping-0.3.5.tgz",
      "integrity": "sha512-cpxT2XFwVv4g1i9P2S23n35N173gVgw4tzuAp4hW7x5hYEe+t3m6vAQsPvr45+gAadY05m3i1y5W3y4t2fG/w==",
      "dev": true,
      "dependencies": {
        "@jridgewell/set-array": "^1.0.1",
        "@jridgewell/sourcemap-codec": "^1.4.15",
        "@jridgewell/trace-mapping": "^0.3.25"
      },
      "engines": {
        "node": ">=6.0.0"
      }
    },
    "node_modules/@jridgewell/resolve-uri": {
      "version": "3.1.2",
      "resolved": "https://registry.npmjs.org/@jridgewell/resolve-uri/-/resolve-uri-3.1.2.tgz",
      "integrity": "sha512-bRISgCIjP20/tbWSPWMEi54QVPRZExkuD9lJL+UIxUKtwVJA8wW1Trb1jMs1RFXo1CBTNZ/5hpC9QvmKWdopKw==",
      "dev": true,
      "engines": {
        "node": ">=6.0.0"
      }
    },
    "node_modules/@jridgewell/set-array": {
      "version": "1.1.2",
      "resolved": "https://registry.npmjs.org/@jridgewell/set-array/-/set-array-1.1.2.tgz",
      "integrity": "sha512-xnkseuNADM8gt2bs+BvhO0p78Mk762YnZdsuzFVy1jkcGL8pCI7NpNF3KqDgsgA9coIs3fyz35So8zG1d+ul2g==",
      "dev": true,
      "engines": {
        "node": ">=6.0.0"
      }
    },
    "node_modules/@jridgewell/sourcemap-codec": {
      "version": "1.4.15",
      "resolved": "https://registry.npmjs.org/@jridgewell/sourcemap-codec/-/sourcemap-codec-1.4.15.tgz",
      "integrity": "sha512-eF2rxCRulEKXHTRiDrDy6erMYDqNw4LPdQ8UQA4rUErHZdN/arc0dL0CB/9gZUPxn4fLmqgVGbEYme478A6s5A==",
      "dev": true
    },
    "node_modules/@jridgewell/trace-mapping": {
      "version": "0.3.25",
      "resolved": "https://registry.npmjs.org/@jridgewell/trace-mapping/-/trace-mapping-0.3.25.tgz",
      "integrity": "sha512-vNk62b23PS2Sto1aTL1FWB4/bL5sOz88avHwzh4T8y552oI2P2f07ftc515a2oM2m2OrpTix1O1s2YGIg2gYkQ==",
      "dev": true,
      "dependencies": {
        "@jridgewell/resolve-uri": "3.1.0",
        "@jridgewell/sourcemap-codec": "1.4.14"
      }
    },
    "node_modules/@rolldown/pluginutils": {
      "version": "1.0.0-beta.38",
      "resolved": "https://registry.npmjs.org/@rolldown/pluginutils/-/pluginutils-1.0.0-beta.38.tgz",
      "integrity": "sha512-N/ICGKleNhA5nc9XXQG/kkKHJ7S55u0x0XUJbbkmdCnFuoRkM1Il12q9q0eX19+M7KKUEPw/daUPIRnxhcxAIw==",
      "dev": true
    },
    "node_modules/@types/node": {
      "version": "22.18.10",
      "resolved": "https://registry.npmjs.org/@types/node/-/node-22.18.10.tgz",
      "integrity": "sha512-anNG/V/Efn/YZY4pRzbACnKxNKoBng2VTFydVu8RRs5hQjikP8CQfaeAV59VFSCzKNp90mXiVXW2QzV56rwMrg==",
      "dev": true,
      "dependencies": {
        "undici-types": "~6.21.0"
      }
    },
    "node_modules/@vitejs/plugin-react": {
      "version": "5.0.4",
      "resolved": "https://registry.npmjs.org/@vitejs/plugin-react/-/plugin-react-5.0.4.tgz",
      "integrity": "sha512-La0KD0vGkVkSk6K+piWDKRUyg8Rl5iAIKRMH0vMJI0Eg47bq1eOxmoObAaQG37WMW9MSyk7Cs8EIWwJC1PtzKA==",
      "dev": true,
      "dependencies": {
        "@babel/core": "^7.24.0",
        "@babel/plugin-transform-react-jsx-self": "^7.24.0",
        "@babel/plugin-transform-react-jsx-source": "^7.24.0",
        "@rolldown/pluginutils": "1.0.0-beta.38",
        "@types/babel__core": "^7.20.5",
        "react-refresh": "^0.17.0"
      },
      "engines": {
        "node": "^20.19.0 || >=22.12.0"
      },
      "peerDependencies": {
        "vite": "^4.2.0 || ^5.0.0 || ^6.0.0 || ^7.0.0"
      }
    },
    "node_modules/browserslist": {
      "version": "4.23.2",
      "resolved": "https://registry.npmjs.org/browserslist/-/browserslist-4.23.2.tgz",
      "integrity": "sha512-Y+21T2eY+st/wT2J5rqh1YQCu3bEyT5pLGeZP8w0k20bYgqjVT7jI62Z552en1BSkCBIo1Yv1eOXa8oW71XfVw==",
      "dev": true,
      "funding": [
        {
          "type": "opencollective",
          "url": "https://opencollective.com/browserslist"
        },
        {
          "type": "tidelift",
          "url": "https://tidelift.com/funding/github/npm/browserslist"
        },
        {
          "type": "github",
          "url": "https://github.com/sponsors/ai"
        }
      ],
      "dependencies": {
        "caniuse-lite": "^1.0.30001632",
        "electron-to-chromium": "^1.4.856",
        "node-releases": "^2.0.14",
        "update-browserslist-db": "^1.1.1"
      },
      "bin": {
        "browserslist": "cli.js"
      },
      "engines": {
        "node": "^6 || ^7 || ^8 || ^9 || ^10 || ^11 || ^12 || >=13.7"
      }
    },
    "node_modules/caniuse-lite": {
      "version": "1.0.30001641",
      "resolved": "https://registry.npmjs.org/caniuse-lite/-/caniuse-lite-1.0.30001641.tgz",
      "integrity": "sha512-Z8CC4xQDpGYdDDrx5k8l/+N/AyltTjJqIeI8om+5RjRUgZzQvO5nVWqXb0aX5O/2A5w/zLgpOOg5oO3tV4myZQ==",
      "dev": true,
      "funding": [
        {
          "type": "opencollective",
          "url": "https://opencollective.com/browserslist"
        },
        {
          "type": "tidelift",
          "url": "https://tidelift.com/funding/github/npm/caniuse-lite"
        },
        {
          "type": "github",
          "url": "https://github.com/sponsors/ai"
        }
      ]
    },
    "node_modules/convert-source-map": {
      "version": "2.0.0",
      "resolved": "https://registry.npmjs.org/convert-source-map/-/convert-source-map-2.0.0.tgz",
      "integrity": "sha512-Kvp459HrV2FEJ1CAsi1Ku+MY3kasH19TFykTz2xWmMeq6bk2NU3XXvfJ+Q61m0xktWwt+1HSYf3JZsTms3aRJg==",
      "dev": true
    },
    "node_modules/debug": {
      "version": "4.3.5",
      "resolved": "https://registry.npmjs.org/debug/-/debug-4.3.5.tgz",
      "integrity": "sha512-pt0b4sQ6PyiMM0F7Ki2wUPT9o/9QdQjLwYEB/3Zv/p24xJ1t5iEA99px2d2Acstn/AAb0M3dKI2Scsd4QFSsug==",
      "dev": true,
      "dependencies": {
        "ms": "2.1.2"
      },
      "engines": {
        "node": ">=6.0"
      },
      "peerDependenciesMeta": {
        "supports-color": {
          "optional": true
        }
      }
    },
    "node_modules/electron-to-chromium": {
      "version": "1.4.881",
      "resolved": "https://registry.npmjs.org/electron-to-chromium/-/electron-to-chromium-1.4.881.tgz",
      "integrity": "sha512-l9fMy8K6yHllz7l42vR0m6QDzK3CBY/k/dYfGvG1ErtWdVoqL9wRkYGs+Y1t0hV3JbW7bLdGvI/rOuSjJzYhYA==",
      "dev": true
    },
    "node_modules/esbuild": {
      "version": "0.23.0",
      "resolved": "https://registry.npmjs.org/esbuild/-/esbuild-0.23.0.tgz",
      "integrity": "sha512-c2u0511G9L3bAGV2NqotWkewzQ2a2s4T83K21Q5VEoGg2dFrQY+0fQk/Bv1a0v/8df5dMhLwEe2o2oY00wH9g==",
      "dev": true,
      "hasInstallScript": true,
      "bin": {
        "esbuild": "bin/esbuild"
      },
      "engines": {
        "node": ">=12"
      },
      "optionalDependencies": {
        "@esbuild/android-arm": "0.23.0",
        "@esbuild/android-arm64": "0.23.0",
        "@esbuild/android-x64": "0.23.0",
        "@esbuild/darwin-arm64": "0.23.0",
        "@esbuild/darwin-x64": "0.23.0",
        "@esbuild/freebsd-arm64": "0.23.0",
        "@esbuild/freebsd-x64": "0.23.0",
        "@esbuild/linux-arm": "0.23.0",
        "@esbuild/linux-arm64": "0.23.0",
        "@esbuild/linux-ia32": "0.23.0",
        "@esbuild/linux-loong64": "0.23.0",
        "@esbuild/linux-mips64el": "0.23.0",
        "@esbuild/linux-ppc64": "0.23.0",
        "@esbuild/linux-riscv64": "0.23.0",
        "@esbuild/linux-s390x": "0.23.0",
        "@esbuild/linux-x64": "0.23.0",
        "@esbuild/netbsd-x64": "0.23.0",
        "@esbuild/openbsd-x64": "0.23.0",
        "@esbuild/sunos-x64": "0.23.0",
        "@esbuild/win32-arm64": "0.23.0",
        "@esbuild/win32-ia32": "0.23.0",
        "@esbuild/win32-x64": "0.23.0"
      }
    },
    "node_modules/fdir": {
      "version": "6.5.0",
      "resolved": "https://registry.npmjs.org/fdir/-/fdir-6.5.0.tgz",
      "integrity": "sha512-tIbYtZbucOs0BRGqPJkshJUYdL+SDH7dVM8gjy+ERp3WAUjLEFJE+02kanyHtwjWOnwrKYBiwAmM0p4kLJAnXg==",
      "dev": true,
      "engines": {
        "node": ">=12.0.0"
      },
      "peerDependencies": {
        "picomatch": "^3 || ^4"
      },
      "peerDependenciesMeta": {
        "picomatch": {
          "optional": true
        }
      }
    },
    "node_modules/firebase": {
      "version": "10.12.3",
      "resolved": "https://registry.npmjs.org/firebase/-/firebase-10.12.3.tgz",
      "integrity": "sha512-zLh7hCjF0zK100D/t0H1o76yG77W3n9V+3hG3s1d755jFqVvQW5Bv3e5E/bJ7I+s0z+0oVb7I34LqT7rA==",
      "dependencies": {
        "@firebase/app": "0.10.6",
        "@firebase/app-compat": "0.2.29",
        "@firebase/auth": "1.7.0",
        "@firebase/auth-compat": "0.4.34",
        "@firebase/database": "0.14.16",
        "@firebase/database-compat": "0.2.15",
        "@firebase/firestore": "4.6.4",
        "@firebase/firestore-compat": "0.1.33",
        "@firebase/functions": "0.11.4",
        "@firebase/functions-compat": "0.2.21",
        "@firebase/installations": "0.6.8",
        "@firebase/installations-compat": "0.2.7",
        "@firebase/messaging": "0.12.9",
        "@firebase/messaging-compat": "0.1.28",
        "@firebase/storage": "0.12.6",
        "@firebase/storage-compat": "0.2.20",
        "tslib": "^2.1.0"
      }
    },
    "node_modules/gensync": {
      "version": "1.0.0-beta.2",
      "resolved": "https://registry.npmjs.org/gensync/-/gensync-1.0.0-beta.2.tgz",
      "integrity": "sha512-3hN7NaskYvMDLQY55gnW3NQ+mesEAepTqlg+VEbj7zzqEMBVNhzcGYYeqFo/TlYz6eQiFcp1HcsCZO+nGgS8zg==",
      "dev": true,
      "engines": {
        "node": ">=6.9.0"
      }
    },
    "node_modules/globals": {
      "version": "11.12.0",
      "resolved": "https://registry.npmjs.org/globals/-/globals-11.12.0.tgz",
      "integrity": "sha512-WOBp/EEGUiIsJSp7wcv/y6CYS/abAQlkr5AF9blXOmpheBWYaB/L+GwowkH6rU+mfwHwrznheDAN2o/oESrA7g==",
      "dev": true,
      "dependencies": {
        "type-fest": "^0.8.1"
      },
      "engines": {
        "node": ">=4"
      }
    },
    "node_modules/jsesc": {
      "version": "2.5.2",
      "resolved": "https://registry.npmjs.org/jsesc/-/jsesc-2.5.2.tgz",
      "integrity": "sha512-OYu7XgMMgoapacP6p1lH/qSAVEmMygA0 ராஜ்/jA+GGZRIkWf6OEWc4/4ueNfwCVid77I1iHzucvcA==",
      "dev": true,
      "bin": {
        "jsesc": "bin/jsesc"
      },
      "engines": {
        "node": ">=4"
      }
    },
    "node_modules/json5": {
      "version": "2.2.3",
      "resolved": "https://registry.npmjs.org/json5/-/json5-2.2.3.tgz",
      "integrity": "sha512-XmOWe7eyHYH14cLdVPoyg+GOH3rYX++KpzrylJwSW98t3Nk+U8XOl8FWKOgwtzdb8lXGf6zYwDUzeHMWfxasyg==",
      "dev": true,
      "bin": {
        "json5": "lib/cli.js"
      },
      "engines": {
        "node": ">=6"
      }
    },
    "node_modules/lru-cache": {
      "version": "5.1.1",
      "resolved": "https://registry.npmjs.org/lru-cache/-/lru-cache-5.1.1.tgz",
      "integrity": "sha512-KpNARQA3Iwv+jTA0utUVVbrh+Jlrr1Fv0e56GGzAFOXN7dk/FviaDW8LHmK52DlcH4WP2n6gI8vN1aesBFgo9w==",
      "dev": true,
      "dependencies": {
        "yallist": "^3.0.2"
      }
    },
    "node_modules/ms": {
      "version": "2.1.2",
      "resolved": "https://registry.npmjs.org/ms/-/ms-2.1.2.tgz",
      "integrity": "sha512-sGkPx+VjMtmA6MX27oA4FBFELFCZZ4S4XqeGOXCv68tT+AnmOTxdLRKNbAIuXyIXMLsmvd9srqsHqbC9rhcotg==",
      "dev": true
    },
    "node_modules/nanoid": {
      "version": "3.3.7",
      "resolved": "https://registry.npmjs.org/nanoid/-/nanoid-3.3.7.tgz",
      "integrity": "sha512-eSRppjcPIatj0UASdeaYeILwzxpnI1/He0rLUHIkRBJVZYG3PBE4y3/s2usADiMHSy9NAiH7y4VYjSti1U6EBQ==",
      "dev": true,
      "funding": [
        {
          "type": "github",
          "url": "https://github.com/sponsors/ai"
        }
      ],
      "bin": {
        "nanoid": "bin/nanoid.js"
      },
      "engines": {
        "node": "^10 || ^12 || ^13.7 || ^14 || >=15.0.1"
      }
    },
    "node_modules/node-releases": {
      "version": "2.0.14",
      "resolved": "https://registry.npmjs.org/node-releases/-/node-releases-2.0.14.tgz",
      "integrity": "sha512-hLBO0NdB62s23r2iMBO0IKp+l7/Y2szdxcib33vmm4TNSG38CUHkS8SqxPxcda2CV8FtcdaUzc4220wz1KZXeQ==",
      "dev": true,
      "funding": {
        "type": "opencollective",
        "url": "https://opencollective.com/node-releases"
      }
    },
    "node_modules/picocolors": {
      "version": "1.0.1",
      "resolved": "https://registry.npmjs.org/picocolors/-/picocolors-1.0.1.tgz",
      "integrity": "sha512-anQzS5jkzQp6RJvnLk8b2EJRFYohf6Hpv3AE214SoY2L2m1lPH9y2o+5jBqRXKq7w3j3+oDF50C48L97420+DA==",
      "dev": true
    },
    "node_modules/picomatch": {
      "version": "4.0.3",
      "resolved": "https://registry.npmjs.org/picomatch/-/picomatch-4.0.3.tgz",
      "integrity": "sha512-5gTmgEY/sqK6gFXLIsQNH19lWb4ebPDLA4SdLP7dsWkIXHWlG66oPuVvXSGFPppYZz8ZDZq0dYYrbHfBCVUb1Q==",
      "dev": true,
      "engines": {
        "node": ">=12"
      },
      "funding": {
        "url": "https://github.com/sponsors/jonschlinkert"
      }
    },
    "node_modules/postcss": {
      "version": "8.4.40",
      "resolved": "https://registry.npmjs.org/postcss/-/postcss-8.4.40.tgz",
      "integrity": "sha512-s4eWsc/LBDh5t4d2rXa2sX2jY1q6bW1A3/kCgY4yG2S6Q0wBe+IffVb1+2lFOs0ttb+Hs0y97Qy9p3010bW3FA==",
      "dev": true,
      "funding": [
        {
          "type": "opencollective",
          "url": "https://opencollective.com/postcss/"
        },
        {
          "type": "tidelift",
          "url": "https://tidelift.com/funding/github/npm/postcss"
        },
        {
          "type": "github",
          "url": "https://github.com/sponsors/ai"
        }
      ],
      "dependencies": {
        "nanoid": "^3.3.7",
        "picocolors": "^1.0.1",
        "source-map-js": "^1.2.0"
      },
      "engines": {
        "node": "^10 || ^12 || >=14"
      }
    },
    "node_modules/react": {
      "version": "19.1.1-beta-a7088b90-20240726",
      "resolved": "https://registry.npmjs.org/react/-/react-19.1.1-beta-a7088b90-20240726.tgz",
      "integrity": "sha512-oXm6YfS+cSMT8T093tXy3msO/G4kFad6Yc8Q1/g77KGAg9T5W6jUv3lHgW2wLg/Lp2p68zU/z0I7zZf+rA7mRg==",
      "license": "MIT",
      "engines": {
        "node": ">=0.10.0"
      }
    },
    "node_modules/react-dom": {
      "version": "19.1.1-beta-a7088b90-20240726",
      "resolved": "https://registry.npmjs.org/react-dom/-/react-dom-19.1.1-beta-a7088b90-20240726.tgz",
      "integrity": "sha512-zYdSu03+y2Kx5d0YyLqKMSY58wL/Yd0yN4p7rWbH3k2b8+e2X/aMhN46o1OAEItXoF9kC6xYqLfb3585w==",
      "license": "MIT",
      "dependencies": {
        "scheduler": "0.27.0-beta-a7088b90-20240726"
      },
      "peerDependencies": {
        "react": "19.1.1-beta-a7088b90-20240726"
      }
    },
    "node_modules/react-refresh": {
      "version": "0.17.0",
      "resolved": "https://registry.npmjs.org/react-refresh/-/react-refresh-0.17.0.tgz",
      "integrity": "sha512-PmLT7fIYp+8p+Yw7ujVfkP/S2Gk+vjUF+e5t7V243VwVvV2sT+zNlMPq8A/9m/cRNPf3MQyHhMxFp54QGkOqw==",
      "dev": true,
      "engines": {
        "node": ">=0.10.0"
      }
    },
    "node_modules/rollup": {
      "version": "4.19.1",
      "resolved": "https://registry.npmjs.org/rollup/-/rollup-4.19.1.tgz",
      "integrity": "sha512-F5kGrsL1S2hvsjL6F0Wk3jUmmkM2f4i/s9T/Bq2sD2cOQyQW8nLpOYDk2dJzS/gG5s5GkIu6qP2y/w==",
      "dev": true,
      "bin": {
        "rollup": "dist/bin/rollup"
      },
      "engines": {
        "node": ">=18.0.0",
        "npm": ">=8.0.0"
      },
      "optionalDependencies": {
        "fsevents": "~2.3.2"
      }
    },
    "node_modules/scheduler": {
      "version": "0.27.0-beta-a7088b90-20240726",
      "resolved": "https://registry.npmjs.org/scheduler/-/scheduler-0.27.0-beta-a7088b90-20240726.tgz",
      "integrity": "sha512-x28G82Lq1mP2S9u/Xp/zWn3U5o/6Jgv1xV5oW+lTz2T5T1M5c+g/yR2aD/41aYMR1LXt+P8B+QdKEl+ag==",
      "license": "MIT"
    },
    "node_modules/semver": {
      "version": "6.3.1",
      "resolved": "https://registry.npmjs.org/semver/-/semver-6.3.1.tgz",
      "integrity": "sha512-BR7VvDCVHO+q2xBEWskxS6DJE1qRnb7DxzUrogb71CWoSficBxYsiAGd+Kl0mmq/MprG9yArRkyrQxTO6XjMzA==",
      "dev": true,
      "bin": {
        "semver": "bin/semver.js"
      }
    },
    "node_modules/source-map-js": {
      "version": "1.2.0",
      "resolved": "https://registry.npmjs.org/source-map-js/-/source-map-js-1.2.0.tgz",
      "integrity": "sha512-it++wE9a3B4yL2n3cT4/B6r1iG6g5w3uxKrmCUFK80K+21IKsQy4jp2fgduG0+2+148+8R0Q23iKPGNUI2z2g==",
      "dev": true,
      "engines": {
        "node": ">=0.10.0"
      }
    },
    "node_modules/tinyglobby": {
      "version": "0.2.15",
      "resolved": "https://registry.npmjs.org/tinyglobby/-/tinyglobby-0.2.15.tgz",
      "integrity": "sha512-j2Zq4NyQYG5XMST4cbs02Ak8iJUdxRM0XI5QyxXuZOzKOINmWurp3smXu3y5wDcJrptwpSjgXHzIQxR0omXljQ==",
      "dev": true,
      "dependencies": {
        "fdir": "^6.5.0",
        "picomatch": "^4.0.3"
      },
      "engines": {
        "node": ">=12.0.0"
      },
      "funding": {
        "url": "https://github.com/sponsors/SuperchupuDev"
      }
    },
    "node_modules/to-fast-properties": {
      "version": "2.0.0",
      "resolved": "https://registry.npmjs.org/to-fast-properties/-/to-fast-properties-2.0.0.tgz",
      "integrity": "sha512-/OaKK0xYrs3DmxRYqL/yDc+FkgR3k2dVTYxGhf/om0vR54ay8zGOs6msemrB+gvm0scMlaDzuIIy+xPaHtSJ3w==",
      "dev": true,
      "engines": {
        "node": ">=4"
      }
    },
    "node_modules/tslib": {
      "version": "2.6.3",
      "resolved": "https://registry.npmjs.org/tslib/-/tslib-2.6.3.tgz",
      "integrity": "sha512-xN0OqNz23T2ovR2i3n7QkQ2wnkWR8gGWtElkmnYt3aa7sdm03LuvfyuP3p4AClS50EBKtUfQhdIkS8cnveH/Cw=="
    },
    "node_modules/typescript": {
      "version": "5.5.3",
      "resolved": "https://registry.npmjs.org/typescript/-/typescript-5.5.3.tgz",
      "integrity": "sha512-2BIQTPA52xCVn/3zV2i3n6dM5/VL3S7pPCi02ho2Bw35T0hF/Q23/6kVyQ76D23tP8Ld3Kvhv8u/I21S299fg==",
      "dev": true,
      "bin": {
        "tsc": "bin/tsc",
        "tsserver": "bin/tsserver"
      },
      "engines": {
        "node": ">=14.17"
      }
    },
    "node_modules/undici-types": {
      "version": "6.21.0",
      "resolved": "https://registry.npmjs.org/undici-types/-/undici-types-6.21.0.tgz",
      "integrity": "sha512-iwDZqg0QAGrg9Rav5H4n0M64c3mkR59cJ6wQp+7C4nI0gsmExaedaYLNO44eT4AtBBwjbTiGPMlt2Md0T9H9JQ==",
      "dev": true
    },
    "node_modules/update-browserslist-db": {
      "version": "1.1.1",
      "resolved": "https://registry.npmjs.org/update-browserslist-db/-/update-browserslist-db-1.1.1.tgz",
      "integrity": "sha512-Y18fjs3Ac44x2bXv93iGf6RL+PZctbT2z03YtDSUaW8d/+6S04Q2bLpA4gTfYgNyhT0Q6Yt1s2yQ/tUa1x/yIw==",
      "dev": true,
      "funding": [
        {
          "type": "opencollective",
          "url": "https://opencollective.com/browserslist"
        },
        {
          "type": "tidelift",
          "url": "https://tidelift.com/funding/github/npm/browserslist"
        },
        {
          "type": "github",
          "url": "https://github.com/sponsors/ai"
        }
      ],
      "dependencies": {
        "escalade": "^3.1.2",
        "picocolors": "^1.0.0"
      },
      "bin": {
        "update-browserslist-db": "cli.js"
      },
      "peerDependencies": {
        "browserslist": ">= 4.21.0"
      }
    },
    "node_modules/vite": {
      "version": "6.0.0-beta.23",
      "resolved": "https://registry.npmjs.org/vite/-/vite-6.0.0-beta.23.tgz",
      "integrity": "sha512-f02758vR++6qf88p6sP8UvV6J5w+0602kE6Iu9x1sQk1n3n3YfQ1Z3n9n/7Z1o2z/3X1q1Q2oQ9oQ==",
      "dev": true,
      "dependencies": {
        "esbuild": "^0.23.0",
        "fdir": "^6.4.4",
        "picomatch": "^4.0.2",
        "postcss": "^8.4.39",
        "rollup": "^4.19.0",
        "tinyglobby": "^0.2.13"
      },
      "bin": {
        "vite": "bin/vite.js"
      },
      "engines": {
        "node": "^18.0.0 || ^20.0.0 || >=22.0.0"
      },
      "funding": {
        "url": "https://github.com/vitejs/vite?sponsor=1"
      },
      "optionalDependencies": {
        "fsevents": "~2.3.3"
      },
      "peerDependencies": {
        "@types/node": "^18.0.0 || ^20.0.0 || >=22.0.0",
        "jiti": ">=1.21.0",
        "less": "*",
        "lightningcss": "^1.21.0",
        "sass": "*",
        "sass-embedded": "*",
        "stylus": "*",
        "sugarss": "*",
        "terser": "^5.16.0",
        "tsx": "^4.8.1",
        "yaml": "^2.4.2"
      },
      "peerDependenciesMeta": {
        "@types/node": {
          "optional": true
        },
        "jiti": {
          "optional": true
        },
        "less": {
          "optional": true
        },
        "lightningcss": {
          "optional": true
        },
        "sass": {
          "optional": true
        },
        "sass-embedded": {
          "optional": true
        },
        "stylus": {
          "optional": true
        },
        "sugarss": {
          "optional": true
        },
        "terser": {
          "optional": true
        },
        "tsx": {
          "optional": true
        },
        "yaml": {
          "optional": true
        }
      }
    },
    "node_modules/yallist": {
      "version": "3.1.1",
      "resolved": "https://registry.npmjs.org/yallist/-/yallist-3.1.1.tgz",
      "integrity": "sha512-a4UGQaWPH59mOXUYnAG2ewncQS4i4F43Tv3JoAM+s2VDAmS9NsK8GpDMLrCHPksFT7h3K6TOoUNn2pb7RoXx4g==",
      "dev": true
    }
  }
}