{
  "name": "aqui-depois-do-pix-final",
  "version": "0.0.0",
  "lockfileVersion": 3,
  "requires": true,
  "packages": {
    "": {
      "name": "aqui-depois-do-pix-final",
      "version": "0.0.0",
      "dependencies": {
        "@dnd-kit/core": "6.1.0",
        "@dnd-kit/sortable": "8.0.0",
        "@dnd-kit/utilities": "3.2.2",
        "@google/genai": "0.14.0",
        "firebase": "^10.12.2",
        "react": "^18.2.0",
        "react-dom": "^18.2.0"
      },
      "devDependencies": {
        "@types/node": "^20.14.9",
        "@vitejs/plugin-react": "^4.3.1",
        "typescript": "^5.5.2",
        "vite": "^5.3.1"
      }
    },
    "node_modules/@babel/runtime": {
      "version": "7.24.7",
      "resolved": "https://registry.npmjs.org/@babel/runtime/-/runtime-7.24.7.tgz",
      "integrity": "sha512-U9NBP3r9j9iwh9K492cZ8om2akP6SPgY3s4ig64xsh34zT2K3/aG+lPc5A32v3s49QGhsj3a/i3l2bnO3f2+3w==",
      "dev": true,
      "dependencies": {
        "regenerator-runtime": "^0.14.0"
      },
      "engines": {
        "node": ">=6.9.0"
      }
    },
    "node_modules/@dnd-kit/accessibility": {
      "version": "3.1.1",
      "resolved": "https://registry.npmjs.org/@dnd-kit/accessibility/-/accessibility-3.1.1.tgz",
      "integrity": "sha512-2P+YgaXF+gRsIihwwY1gCsQSYnu9Zyj2py8kY5fFvUM1qm2WA2u639R6YNVfU4GWr+ZM5mqEsfHZZLoRONbemw==",
      "dependencies": {
        "tslib": "^2.0.0"
      },
      "peerDependencies": {
        "react": ">=16.8.0"
      }
    },
    "node_modules/@dnd-kit/core": {
      "version": "6.1.0",
      "resolved": "https://registry.npmjs.org/@dnd-kit/core/-/core-6.1.0.tgz",
      "integrity": "sha512-J3cQBClB4TVxwGo3KEjssGEXNJqGVWx17aRTZ1ob0FliR5IjYgTxl5YJbKTzA6IzrtelotH19v6y7uoIRUZPSg==",
      "dependencies": {
        "@dnd-kit/accessibility": "^3.1.0",
        "@dnd-kit/utilities": "^3.2.2",
        "tslib": "^2.0.0"
      },
      "peerDependencies": {
        "react": ">=16.8.0",
        "react-dom": ">=16.8.0"
      }
    },
    "node_modules/@dnd-kit/sortable": {
      "version": "8.0.0",
      "resolved": "https://registry.npmjs.org/@dnd-kit/sortable/-/sortable-8.0.0.tgz",
      "integrity": "sha512-U3jk5ebVXe1Lr7c2wU7SBZjcWdQP+j7peHJfCspnA81enlu88Mgd7CC8Q+pub9ubP7eKVETzJW+IBAhsqbSu/g==",
      "dependencies": {
        "@dnd-kit/utilities": "^3.2.2",
        "tslib": "^2.0.0"
      },
      "peerDependencies": {
        "@dnd-kit/core": "^6.1.0",
        "react": ">=16.8.0"
      }
    },
    "node_modules/@dnd-kit/utilities": {
      "version": "3.2.2",
      "resolved": "https://registry.npmjs.org/@dnd-kit/utilities/-/utilities-3.2.2.tgz",
      "integrity": "sha512-+MKAJEOfaBe5SmV6t34p80MMKhjvUz0vRrvVJbPT0WElzaOJ/1xs+D+KDv+tD/NE5ujfrChEcshd4fLn0wpiqg==",
      "dependencies": {
        "tslib": "^2.0.0"
      },
      "peerDependencies": {
        "react": ">=16.8.0"
      }
    },
    "node_modules/@esbuild/android-arm": {
      "version": "0.21.5",
      "resolved": "https://registry.npmjs.org/@esbuild/android-arm/-/android-arm-0.21.5.tgz",
      "integrity": "sha512-hU3L6iV/sOa3vtr3eYJIdS1e4qD/F9X3wS6J4/F/m7j21I4vT9jNJK12cR1139C2r+j4+S001d2W5h337i4dgw==",
      "cpu": [
        "arm"
      ],
      "dev": true,
      "optional": true,
      "os": [
        "android"
      ],
      "engines": {
        "node": ">=12"
      }
    },
    "node_modules/@esbuild/android-arm64": {
      "version": "0.21.5",
      "resolved": "https://registry.npmjs.org/@esbuild/android-arm64/-/android-arm64-0.21.5.tgz",
      "integrity": "sha512-x1d0JtGg48tJgNlE6Fz+X9/iJz2k/Pz18dJ4Iu/h2TmLT4nAYp0b/2/xLw9R4LhN037pL/J8d1M/uX0u8g==",
      "cpu": [
        "arm64"
      ],
      "dev": true,
      "optional": true,
      "os": [
        "android"
      ],
      "engines": {
        "node": ">=12"
      }
    },
    "node_modules/@esbuild/android-x64": {
      "version": "0.21.5",
      "resolved": "https://registry.npmjs.org/@esbuild/android-x64/-/android-x64-0.21.5.tgz",
      "integrity": "sha512-Qp348I7c37q+iBD3Ue972fA9Lz4NMO+JtE2+y4w/QpG3f2qWp5+2g+wXl8N3s6f3V8C39n/8x6qF64dSQw==",
      "cpu": [
        "x64"
      ],
      "dev": true,
      "optional": true,
      "os": [
        "android"
      ],
      "engines": {
        "node": ">=12"
      }
    },
    "node_modules/@esbuild/darwin-arm64": {
      "version": "0.21.5",
      "resolved": "https://registry.npmjs.org/@esbuild/darwin-arm64/-/darwin-arm64-0.21.5.tgz",
      "integrity": "sha512-2lR/p8tVfQ284J3k7e7Fp9sY2B4iJz0WvKbrA9s0Vl/gW7S6v3D70eY+Gsgm/p/PAb4eE6zT1CgB3V7RA==",
      "cpu": [
        "arm64"
      ],
      "dev": true,
      "optional": true,
      "os": [
        "darwin"
      ],
      "engines": {
        "node": ">=12"
      }
    },
    "node_modules/@esbuild/darwin-x64": {
      "version": "0.21.5",
      "resolved": "https://registry.npmjs.org/@esbuild/darwin-x64/-/darwin-x64-0.21.5.tgz",
      "integrity": "sha512-L/g21i1nSXYfB6K/7d/xG5C7Y5A2oXh+2sSAnj0m7I53M44rK4bIMbg2/3hQ6G3G4M4e+zN7C53fOqJ+2A==",
      "cpu": [
        "x64"
      ],
      "dev": true,
      "optional": true,
      "os": [
        "darwin"
      ],
      "engines": {
        "node": ">=12"
      }
    },
    "node_modules/@esbuild/freebsd-arm64": {
      "version": "0.21.5",
      "resolved": "https://registry.npmjs.org/@esbuild/freebsd-arm64/-/freebsd-arm64-0.21.5.tgz",
      "integrity": "sha512-dF2/wV2e532h1Y3yWJ7Y74XlJg0b9j9L+5Kq+cK2B6lKxM4yS5x87t5Wc31hT24p8A61n1uB1kRj+m93A==",
      "cpu": [
        "arm64"
      ],
      "dev": true,
      "optional": true,
      "os": [
        "freebsd"
      ],
      "engines": {
        "node": ">=12"
      }
    },
    "node_modules/@esbuild/freebsd-x64": {
      "version": "0.21.5",
      "resolved": "https://registry.npmjs.org/@esbuild/freebsd-x64/-/freebsd-x64-0.21.5.tgz",
      "integrity": "sha512-xU3fO5fXN0u/M6WcI/hG8u/Hl95tD6rJ4hXj5STh+XnptP6nJm/4hV5pM84M+I+E3hUj/fV34v6/J9TBA==",
      "cpu": [
        "x64"
      ],
      "dev": true,
      "optional": true,
      "os": [
        "freebsd"
      ],
      "engines": {
        "node": ">=12"
      }
    },
    "node_modules/@esbuild/linux-arm": {
      "version": "0.21.5",
      "resolved": "https://registry.npmjs.org/@esbuild/linux-arm/-/linux-arm-0.21.5.tgz",
      "integrity": "sha512-B6tGfU214m008VlP/e9mB6L4G/i2iW4S+4W33T2y/vFjOQk9vFmh21yWnE2y/4cT3bJ8773z/yYh7fT7Q==",
      "cpu": [
        "arm"
      ],
      "dev": true,
      "optional": true,
      "os": [
        "linux"
      ],
      "engines": {
        "node": ">=12"
      }
    },
    "node_modules/@esbuild/linux-arm64": {
      "version": "0.21.5",
      "resolved": "https://registry.npmjs.org/@esbuild/linux-arm64/-/linux-arm64-0.21.5.tgz",
      "integrity": "sha512-cO9G00b6/n+d4FzWl90c5YF15gV39BwEFLqO5u6SjT2h5z4iFqY2rS+x45Dk2+g3O/T8S+3A4wXvOa1sA==",
      "cpu": [
        "arm64"
      ],
      "dev": true,
      "optional": true,
      "os": [
        "linux"
      ],
      "engines": {
        "node": ">=12"
      }
    },
    "node_modules/@esbuild/linux-ia32": {
      "version": "0.21.5",
      "resolved": "https://registry.npmjs.org/@esbuild/linux-ia32/-/linux-ia32-0.21.5.tgz",
      "integrity": "sha512-D06T5V5887jM4vM/e9S4oV2h3XyD6sB/S0mD7F2i+hH0lqj4nRf+Q3q039iQ+o6O8xJ2T8h3y11HwX9wA==",
      "cpu": [
        "ia32"
      ],
      "dev": true,
      "optional": true,
      "os": [
        "linux"
      ],
      "engines": {
        "node": ">=12"
      }
    },
    "node_modules/@esbuild/linux-loong64": {
      "version": "0.21.5",
      "resolved": "https://registry.npmjs.org/@esbuild/linux-loong64/-/linux-loong64-0.21.5.tgz",
      "integrity": "sha512-gS2fS1wJ1B/n7S3v44z64/8y3QfR8J63k/6k0Lz5qDqM0t9B10+0U0eMNA+sYxLzX+4w4U0C4jN5uIq1A==",
      "cpu": [
        "loong64"
      ],
      "dev": true,
      "optional": true,
      "os": [
        "linux"
      ],
      "engines": {
        "node": ">=12"
      }
    },
    "node_modules/@esbuild/linux-mips64el": {
      "version": "0.21.5",
      "resolved": "https://registry.npmjs.org/@esbuild/linux-mips64el/-/linux-mips64el-0.21.5.tgz",
      "integrity": "sha512-r1oJ92U3r2Kj7zC4pI8D22h/d0A2Qk42xUoV6r8lJc9W4o5323kQ5T/sN+nE8J1HlJ7Gvj5B0o8lQhHwA==",
      "cpu": [
        "mips64el"
      ],
      "dev": true,
      "optional": true,
      "os": [
        "linux"
      ],
      "engines": {
        "node": ">=12"
      }
    },
    "node_modules/@esbuild/linux-ppc64": {
      "version": "0.21.5",
      "resolved": "https://registry.npmjs.org/@esbuild/linux-ppc64/-/linux-ppc64-0.21.5.tgz",
      "integrity": "sha512-Ua5J3h5u/aL5TKK3/G8cndW567xT3t/A++eXbV3+18K/f22YjJpT8u32yK6Vp3oN50Qj8W3bFdpk9mE56g==",
      "cpu": [
        "ppc64"
      ],
      "dev": true,
      "optional": true,
      "os": [
        "linux"
      ],
      "engines": {
        "node": ">=12"
      }
    },
    "node_modules/@esbuild/linux-riscv64": {
      "version": "0.21.5",
      "resolved": "https://registry.npmjs.org/@esbuild/linux-riscv64/-/linux-riscv64-0.21.5.tgz",
      "integrity": "sha512-M/U2vO3T7XjB2C7lB30f8J6uK9k/rG12F2Q6v/L4Qk3tVv5dDB/yv3oV3N0YpCkwg2z+X7y48g+U/N4Yg==",
      "cpu": [
        "riscv64"
      ],
      "dev": true,
      "optional": true,
      "os": [
        "linux"
      ],
      "engines": {
        "node": ">=12"
      }
    },
    "node_modules/@esbuild/linux-s390x": {
      "version": "0.21.5",
      "resolved": "https://registry.npmjs.org/@esbuild/linux-s390x/-/linux-s390x-0.21.5.tgz",
      "integrity": "sha512-l9f3VfP0A4Kx0yDkY+128nQ4QfK/25Nq1TfP/nU893/IqM/dLSY4Qv1C31f6mHk48aI321L70/2/f3q3w==",
      "cpu": [
        "s390x"
      ],
      "dev": true,
      "optional": true,
      "os": [
        "linux"
      ],
      "engines": {
        "node": ">=12"
      }
    },
    "node_modules/@esbuild/linux-x64": {
      "version": "0.21.5",
      "resolved": "https://registry.npmjs.org/@esbuild/linux-x64/-/linux-x64-0.21.5.tgz",
      "integrity": "sha512-e5F3Kk2552f4qgWqyF3WxtF1J39p+3x8+W4iLp1dJ3M+sS8c+vN93r3v6/bXz6+s63XyO5GIfDq+q36OqA==",
      "cpu": [
        "x64"
      ],
      "dev": true,
      "optional": true,
      "os": [
        "linux"
      ],
      "engines": {
        "node": ">=12"
      }
    },
    "node_modules/@esbuild/netbsd-x64": {
      "version": "0.21.5",
      "resolved": "https://registry.npmjs.org/@esbuild/netbsd-x64/-/netbsd-x64-0.21.5.tgz",
      "integrity": "sha512-3XnS+U+qQ6g0yO0jBRG+CjW0f6T+k2xU9G3tQ74Fp0dC0Mv/bYFm7q4lTf3/0Uj4g7u+t4Uj4i/z2D+iQ==",
      "cpu": [
        "x64"
      ],
      "dev": true,
      "optional": true,
      "os": [
        "netbsd"
      ],
      "engines": {
        "node": ">=12"
      }
    },
    "node_modules/@esbuild/openbsd-x64": {
      "version": "0.21.5",
      "resolved": "https://registry.npmjs.org/@esbuild/openbsd-x64/-/openbsd-x64-0.21.5.tgz",
      "integrity": "sha512-c2lD+u5bU1dFqgq9x2N1Yk6gL2lK7sX+hRdpP8GgIkkPj7x+a91Wp2lFpD2w7f8iJ5+x/P50Xf3i51iTaw==",
      "cpu": [
        "x64"
      ],
      "dev": true,
      "optional": true,
      "os": [
        "openbsd"
      ],
      "engines": {
        "node": ">=12"
      }
    },
    "node_modules/@esbuild/sunos-x64": {
      "version": "0.21.5",
      "resolved": "https://registry.npmjs.org/@esbuild/sunos-x64/-/sunos-x64-0.21.5.tgz",
      "integrity": "sha512-Qf/2j5T3Q0zFq7/947Vq5Yt0i71lUvFqS1X8j8r7o+w5UfK7q2qQf15Qk/M41c0Cg24F3tOQe2vO2N6Vw==",
      "cpu": [
        "x64"
      ],
      "dev": true,
      "optional": true,
      "os": [
        "sunos"
      ],
      "engines": {
        "node": ">=12"
      }
    },
    "node_modules/@esbuild/win32-arm64": {
      "version": "0.21.5",
      "resolved": "https://registry.npmjs.org/@esbuild/win32-arm64/-/win32-arm64-0.21.5.tgz",
      "integrity": "sha512-Q9gIcF3u9dJ/mS3U1Yd0zT5/Qv6n8t35fD4xY79nO0NBEg9fS4yR/yXy3l5X/W+2oF6IqWb/P3mS9hE5Q==",
      "cpu": [
        "arm64"
      ],
      "dev": true,
      "optional": true,
      "os": [
        "win32"
      ],
      "engines": {
        "node": ">=12"
      }
    },
    "node_modules/@esbuild/win32-ia32": {
      "version": "0.21.5",
      "resolved": "https://registry.npmjs.org/@esbuild/win32-ia32/-/win32-ia32-0.21.5.tgz",
      "integrity": "sha512-2l/d7oF/6Vn+rW9yH50jH+0gD6tG16fW2HqO/wLz05E445GkH1Pj+vG8c28lE9F9m5/p8zJ8+WjD9N0uQ==",
      "cpu": [
        "ia32"
      ],
      "dev": true,
      "optional": true,
      "os": [
        "win32"
      ],
      "engines": {
        "node": ">=12"
      }
    },
    "node_modules/@esbuild/win32-x64": {
      "version": "0.21.5",
      "resolved": "https://registry.npmjs.org/@esbuild/win32-x64/-/win32-x64-0.21.5.tgz",
      "integrity": "sha512-f+VwU/h/s1P1fLPEc4Y25/r2B4IeL3oFk7Dtd2P8K6rX1D81A+gB2G80/zW3I50j2n5Qv1z1b+vF2hYjA==",
      "cpu": [
        "x64"
      ],
      "dev": true,
      "optional": true,
      "os": [
        "win32"
      ],
      "engines": {
        "node": ">=12"
      }
    },
    "node_modules/@firebase/app-check-interop-types": {
      "version": "1.0.0",
      "resolved": "https://registry.npmjs.org/@firebase/app-check-interop-types/-/app-check-interop-types-1.0.0.tgz",
      "integrity": "sha512-25qixsAT5KI/8Ca21q21gIQPSZm2Zjp313If3ffHweaEKD6b32C5nBvB3mX+9I81lgo5d31Jqj9o2l2p0S0yLQ=="
    },
    "node_modules/@firebase/app-compat": {
      "version": "0.2.29",
      "resolved": "https://registry.npmjs.org/@firebase/app-compat/-/app-compat-0.2.29.tgz",
      "integrity": "sha512-Wqf8wWqQJ/5J96xR/4aMhV21+EoL60lS2YhL9V9p1o5mBY34nEzIWSWd31D03/qHhA/JdY66k20cCA==",
      "dependencies": {
        "@firebase/app": "0.10.6",
        "@firebase/component": "0.6.9",
        "@firebase/util": "1.10.0",
        "tslib": "^2.1.0"
      }
    },
    "node_modules/@firebase/auth": {
      "version": "1.7.0",
      "resolved": "https://registry.npmjs.org/@firebase/auth/-/auth-1.7.0.tgz",
      "integrity": "sha512-N8P+c6Wc63d5y6fU/52v0xT4j5W6J2l2b0nLhFq/iXzC53pIeUOtT52uLp4rXj2lIq+4hV+S/x/qg==",
      "dependencies": {
        "@firebase/auth-interop-types": "1.0.0",
        "@firebase/component": "0.6.9",
        "@firebase/logger": "0.4.2",
        "@firebase/util": "1.10.0",
        "tslib": "^2.1.0"
      }
    },
    "node_modules/@firebase/auth-compat": {
      "version": "0.4.34",
      "resolved": "https://registry.npmjs.org/@firebase/auth-compat/-/auth-compat-0.4.34.tgz",
      "integrity": "sha512-8e1K3fF3XwE67U5g2t7/x7p4z/2dE2zYvC49m4A/fB3h+sT/p1P3+gD07k9pU+wL1J4P1F4/W5L3Q==",
      "dependencies": {
        "@firebase/app-compat": "0.2.29",
        "@firebase/auth": "1.7.0",
        "@firebase/component": "0.6.9",
        "@firebase/util": "1.10.0",
        "tslib": "^2.1.0"
      }
    },
    "node_modules/@firebase/auth-interop-types": {
      "version": "1.0.0",
      "resolved": "https://registry.npmjs.org/@firebase/auth-interop-types/-/auth-interop-types-1.0.0.tgz",
      "integrity": "sha512-M28VHDy44KXE5W2u3cRjF/n5m2GLP9HyV4U6yYF6H6gY7d/Gfg9oWyP1LAtY+IIb5x+VHYo3299KkF0wL2R1XA=="
    },
    "node_modules/@firebase/component": {
      "version": "0.6.9",
      "resolved": "https://registry.npmjs.org/@firebase/component/-/component-0.6.9.tgz",
      "integrity": "sha512-gm8EUEJE/fEac86AvHn8Z/QW8BvR56TBw3hMW0O838J/1mThYQXAIQBgUv75EqlCZfdawpWLrKt1uXvp9ciK3Q==",
      "dependencies": {
        "@firebase/util": "1.10.0",
        "tslib": "^2.1.0"
      }
    },
    "node_modules/@firebase/database": {
      "version": "0.14.16",
      "resolved": "https://registry.npmjs.org/@firebase/database/-/database-0.14.16.tgz",
      "integrity": "sha512-pU5Yx4pG9A1tUvG3/B82E8T/3QcQn+e22h5K2g3P7d1G0rM2z/9QzC5L9w4v3R3F3o0L3/v1P0F5A==",
      "dependencies": {
        "@firebase/app-check-interop-types": "1.0.0",
        "@firebase/auth-interop-types": "1.0.0",
        "@firebase/component": "0.6.9",
        "@firebase/logger": "0.4.2",
        "@firebase/util": "1.10.0",
        "faye-websocket": "0.11.4",
        "tslib": "^2.1.0"
      }
    },
    "node_modules/@firebase/database-compat": {
      "version": "0.2.15",
      "resolved": "https://registry.npmjs.org/@firebase/database-compat/-/database-compat-0.2.15.tgz",
      "integrity": "sha512-Qh89sXyH8cT1s7oXwR/bO0yXfV/P4BvD6P2B5vM7zV1z/u1X7G0t0O2Y/4R6w6yR/yY+6X5w6S6Ew==",
      "dependencies": {
        "@firebase/component": "0.6.9",
        "@firebase/database": "0.14.16",
        "@firebase/database-types": "0.10.14",
        "@firebase/logger": "0.4.2",
        "@firebase/util": "1.10.0",
        "tslib": "^2.1.0"
      }
    },
    "node_modules/@firebase/database-types": {
      "version": "0.10.14",
      "resolved": "https://registry.npmjs.org/@firebase/database-types/-/database-types-0.10.14.tgz",
      "integrity": "sha512-eC+t15Xj6kL557+L34Wj7yQo5/70vEw0c9E/P887i1F5w3uBvO26pdxm5pWwTzU4WcKOzH4k4z3hA==",
      "dependencies": {
        "@firebase/app-types": "0.9.1",
        "@firebase/util": "1.10.0"
      }
    },
    "node_modules/@firebase/firestore": {
      "version": "4.6.3",
      "resolved": "https://registry.npmjs.org/@firebase/firestore/-/firestore-4.6.3.tgz",
      "integrity": "sha512-9A4C075K5x10H6q/XbV3dD292u5e3M1Kj2z2N/7+842t3SgWpS3P53XU5xP/41OQ92XlC9d7M7X6A==",
      "dependencies": {
        "@firebase/auth-interop-types": "1.0.0",
        "@firebase/component": "0.6.9",
        "@firebase/logger": "0.4.2",
        "@firebase/util": "1.10.0",
        "grpc-web": "1.5.0",
        "long": "^5.2.3",
        "protobufjs": "7.2.5",
        "tslib": "^2.1.0"
      }
    },
    "node_modules/@firebase/firestore-compat": {
      "version": "0.1.33",
      "resolved": "https://registry.npmjs.org/@firebase/firestore-compat/-/firestore-compat-0.1.33.tgz",
      "integrity": "sha512-P1Oa7s9t3Zz38C/X3f+sEaI8/lP2LqYw8Z0e4K9W3V4A0u6C1P8u4Y9H4R6I6S3t9w1X6f8E2x9jA==",
      "dependencies": {
        "@firebase/app-compat": "0.2.29",
        "@firebase/component": "0.6.9",
        "@firebase/firestore": "4.6.3",
        "@firebase/firestore-types": "2.5.1",
        "@firebase/util": "1.10.0",
        "tslib": "^2.1.0"
      }
    },
    "node_modules/@firebase/firestore-types": {
      "version": "3.0.0",
      "resolved": "https://registry.npmjs.org/@firebase/firestore-types/-/firestore-types-3.0.0.tgz",
      "integrity": "sha512-i+O1fI/3hI/54r1bE+L66f83xK6sKP+X1nfmr/j8j9oHVEr2bUjtm9Fq0V8hYn1Q7ANM0R0r2zYVzSqGqXk7w==",
      "dependencies": {
        "@firebase/app-types": "0.9.1"
      }
    },
    "node_modules/@firebase/functions": {
      "version": "0.11.4",
      "resolved": "https://registry.npmjs.org/@firebase/functions/-/functions-0.11.4.tgz",
      "integrity": "sha512-sC2y3/q03QW31e84+gU0b95Qp27QnEaP0c+b9jWzR2Yx4lR/wQ/I0T+q2jC8Y6s2qA8g0F5D5B8jA==",
      "dependencies": {
        "@firebase/app-check-interop-types": "1.0.0",
        "@firebase/auth-interop-types": "1.0.0",
        "@firebase/component": "0.6.9",
        "@firebase/installations-interop-types": "0.2.2",
        "@firebase/logger": "0.4.2",
        "@firebase/messaging-interop-types": "0.2.2",
        "@firebase/util": "1.10.0",
        "tslib": "^2.1.0"
      }
    },
    "node_modules/@firebase/functions-compat": {
      "version": "0.2.21",
      "resolved": "https://registry.npmjs.org/@firebase/functions-compat/-/functions-compat-0.2.21.tgz",
      "integrity": "sha512-jA27qBf02y/6eS3g+n1iW7yH550sW6c/89G697uM/2wXoW+l3S1P/g0j8r0L3q9Y2v9w8t0k7d0jQ==",
      "dependencies": {
        "@firebase/app-compat": "0.2.29",
        "@firebase/component": "0.6.9",
        "@firebase/functions": "0.11.4",
        "@firebase/functions-types": "0.6.5",
        "tslib": "^2.1.0"
      }
    },
    "node_modules/@firebase/functions-types": {
      "version": "0.7.0",
      "resolved": "https://registry.npmjs.org/@firebase/functions-types/-/functions-types-0.7.0.tgz",
      "integrity": "sha512-D2uL8n+56zDk7gA4KjX1qHj9uN9Jj6d5I5o9vC088uOIg3FjLq5j5+V2m4/X2dYV81/s53i1c8eI6K1g==",
      "dependencies": {
        "@firebase/app-types": "0.9.1"
      }
    },
    "node_modules/@firebase/installations": {
      "version": "0.6.8",
      "resolved": "https://registry.npmjs.org/@firebase/installations/-/installations-0.6.8.tgz",
      "integrity": "sha512-c2nQo5wG+0H4v20w41nF2rV9M0h/uKj/EaP9DIdh03fR/QyS0rS1X+r958I0j2uHwGqT6k7wTf8eg==",
      "dependencies": {
        "@firebase/component": "0.6.9",
        "@firebase/logger": "0.4.2",
        "@firebase/util": "1.10.0",
        "idb": "8.0.0",
        "tslib": "^2.1.0"
      }
    },
    "node_modules/@firebase/installations-compat": {
      "version": "0.2.7",
      "resolved": "https://registry.npmjs.org/@firebase/installations-compat/-/installations-compat-0.2.7.tgz",
      "integrity": "sha512-Nl4/P17+cRz/p1m96lqWq42/m0s8k8x32/i9c0Wb7f/vQc+q80sXo2pA4b9q1/wY9m2U/6m0jFmg==",
      "dependencies": {
        "@firebase/app-compat": "0.2.29",
        "@firebase/installations": "0.6.8",
        "tslib": "^2.1.0"
      }
    },
    "node_modules/@firebase/installations-interop-types": {
      "version": "0.2.2",
      "resolved": "https://registry.npmjs.org/@firebase/installations-interop-types/-/installations-interop-types-0.2.2.tgz",
      "integrity": "sha512-19Pb+PdzYIe2zQ2I4fP3oIYK9nFmNq4937zN/S/C43w7l9/I55+0V17r05P245D7/WlQG5fKk9g5Yk7w=="
    },
    "node_modules/@firebase/logger": {
      "version": "0.4.2",
      "resolved": "https://registry.npmjs.org/@firebase/logger/-/logger-0.4.2.tgz",
      "integrity": "sha512-Q1VuA5M1Gjqrwom6I6NUU4lQXdo9IAQieXlujeHZWvRt1b7qQ0KwBaNAjgxG27jgF9/mUwsNmO8ptBCGVYhB0A==",
      "dependencies": {
        "tslib": "^2.1.0"
      }
    },
    "node_modules/@firebase/messaging": {
      "version": "0.12.9",
      "resolved": "https://registry.npmjs.org/@firebase/messaging/-/messaging-0.12.9.tgz",
      "integrity": "sha512-F41T9X8xY0pD2x/4j3oP0t+8lY6YQ0J+sM6xYt+9L6h+9S0d/d9pA8C7L+b9e9j1t6l7w2T2s0o0g==",
      "dependencies": {
        "@firebase/component": "0.6.9",
        "@firebase/installations": "0.6.8",
        "@firebase/logger": "0.4.2",
        "@firebase/util": "1.10.0",
        "idb": "8.0.0",
        "tslib": "^2.1.0"
      }
    },
    "node_modules/@firebase/messaging-compat": {
      "version": "0.1.28",
      "resolved": "https://registry.npmjs.org/@firebase/messaging-compat/-/messaging-compat-0.1.28.tgz",
      "integrity": "sha512-1hW5x8iUoA1A/b1L1t+r2e4r4o/r9l4h/v0T0s+8x7n+j0o/d1s/9a5z/i0t/f8d/j9v/a3j+j4Xg==",
      "dependencies": {
        "@firebase/app-compat": "0.2.29",
        "@firebase/component": "0.6.9",
        "@firebase/messaging": "0.12.9",
        "tslib": "^2.1.0"
      }
    },
    "node_modules/@firebase/messaging-interop-types": {
      "version": "0.2.2",
      "resolved": "https://registry.npmjs.org/@firebase/messaging-interop-types/-/messaging-interop-types-0.2.2.tgz",
      "integrity": "sha512-o/6LgQ5s/wF3V89fE9L69xJm1fSCp22Q25b8vO5/o8vM/f7xXFfZi7m/0oQfV7pS2A3v7j/u3h2h3h21Q=="
    },
    "node_modules/@firebase/storage": {
      "version": "0.12.6",
      "resolved": "https://registry.npmjs.org/@firebase/storage/-/storage-0.12.6.tgz",
      "integrity": "sha512-d+b45jKqTCHQ04fTfXJqMqwqT/jF8V8vLq4V8v1qg1E/3i2t2sC+q4o0/r4d/h9v+t0P9w8/j0h0g==",
      "dependencies": {
        "@firebase/auth-interop-types": "1.0.0",
        "@firebase/component": "0.6.9",
        "@firebase/logger": "0.4.2",
        "@firebase/util": "1.10.0",
        "tslib": "^2.1.0"
      }
    },
    "node_modules/@firebase/storage-compat": {
      "version": "0.2.20",
      "resolved": "https://registry.npmjs.org/@firebase/storage-compat/-/storage-compat-0.2.20.tgz",
      "integrity": "sha512-V5D9503y/r/V3d/k1v5l/g0x/p9d/o0v/t7r/f0h/q6o/h0v/e4o/m0n/c7r/x3q/g0k/l6v/z7v/w==",
      "dependencies": {
        "@firebase/app-compat": "0.2.29",
        "@firebase/component": "0.6.9",
        "@firebase/storage": "0.12.6",
        "@firebase/storage-types": "0.10.0",
        "@firebase/util": "1.10.0",
        "tslib": "^2.1.0"
      }
    },
    "node_modules/@firebase/storage-types": {
      "version": "0.10.0",
      "resolved": "https://registry.npmjs.org/@firebase/storage-types/-/storage-types-0.10.0.tgz",
      "integrity": "sha512-kHkOaN+UaA2r3p66eK3O85d/7WTvKWBzN2sK/44E5vXIShY2bOQ33XhXW7Wf3Wf3D5h7v1h8f7e9Q==",
      "dependencies": {
        "@firebase/app-types": "0.9.1"
      }
    },
    "node_modules/@firebase/util": {
      "version": "1.10.0",
      "resolved": "https://registry.npmjs.org/@firebase/util/-/util-1.10.0.tgz",
      "integrity": "sha512-xKtx4A668icQqoANRxyDLBLz51TAbDP9KRfpbKGxiCAW346d0BeJe5vN6/hKxxmWwnZ0mautyv39JxviwwQMOQ==",
      "dependencies": {
        "tslib": "^2.1.0"
      }
    },
    "node_modules/@google/genai": {
      "version": "0.14.0",
      "resolved": "https://registry.npmjs.org/@google/genai/-/genai-0.14.0.tgz",
      "integrity": "sha512-W6g1M0pWJdO6w/n4w+P6GgD7gQ5RMAo9eJ1BIdz7zM5d4E/fdJk7R0lsDq3i166Wwz2z/r+u+l7982/yIgY/GQ==",
      "dependencies": {
        "tslib": "^2.5.3"
      }
    },
    "node_modules/@types/node": {
      "version": "20.14.9",
      "resolved": "https://registry.npmjs.org/@types/node/-/node-20.14.9.tgz",
      "integrity": "sha512-06OCtn9lE8UbH2u+nSoD4L2xk6GzMW1s2k9JICGa3qqsfN/hXW5k2h6Gk2N/jB/b/hHQ9P17K2PURGgL5v23Sw==",
      "dev": true,
      "dependencies": {
        "undici-types": "~5.26.4"
      }
    },
    "node_modules/@types/prop-types": {
      "version": "15.7.12",
      "resolved": "https://registry.npmjs.org/@types/prop-types/-/prop-types-15.7.12.tgz",
      "integrity": "sha512-5zvhXYS3icfNlvmqg1pkq3annn2E8I2b3t3j6l+O4H7f3npV332l8D0V2x7/vWn423hY7nao5Q8gW4hV0iA5A==",
      "dev": true
    },
    "node_modules/@types/react": {
      "version": "18.3.3",
      "resolved": "https://registry.npmjs.org/@types/react/-/react-18.3.3.tgz",
      "integrity": "sha512-hti/R0pS0q1/xx+TsI73XIqk26eBsloNs4qA2q/6sStbxw/aOaBI8qsPLnTbJ7gE1BdOKsrxI4vgNn91fG4g2Q==",
      "dev": true,
      "dependencies": {
        "@types/prop-types": "*",
        "csstype": "^3.0.2"
      }
    },
    "node_modules/@types/react-dom": {
      "version": "18.3.0",
      "resolved": "https://registry.npmjs.org/@types/react-dom/-/react-dom-18.3.0.tgz",
      "integrity": "sha512-eFv2rwuL91NG3k9Sp4bES83ZrxxwT2o+QoYR3hwAl1zOD0veq2e+i22bfgZ4DLx6vYpLpS7Y22d2tISb/y2hBQ==",
      "dev": true,
      "dependencies": {
        "@types/react": "*"
      }
    },
    "node_modules/@vitejs/plugin-react": {
      "version": "4.3.1",
      "resolved": "https://registry.npmjs.org/@vitejs/plugin-react/-/plugin-react-4.3.1.tgz",
      "integrity": "sha512-Djw3A8j9g6u4e/dKzQl3mO3l+z3c3p/c3t62v3m71j/L4TjHod2fQBrL6iT+W99gXtt+T11tGUPG1v3D8tQ8qA==",
      "dev": true,
      "dependencies": {
        "@babel/runtime": "^7.24.0"
      },
      "engines": {
        "node": ">=18.0.0"
      },
      "peerDependencies": {
        "@types/react": "^16.8.0 || ^17.0.0 || ^18.0.0",
        "@types/react-dom": "^16.8.0 || ^17.0.0 || ^18.0.0",
        "react": "^16.8.0 || ^17.0.0 || ^18.0.0",
        "react-dom": "^16.8.0 || ^17.0.0 || ^18.0.0",
        "vite": "^4.5.2 || ^5.0.0"
      },
      "peerDependenciesMeta": {
        "@types/react": {
          "optional": true
        },
        "@types/react-dom": {
          "optional": true
        },
        "react": {
          "optional": true
        },
        "react-dom": {
          "optional": true
        }
      }
    },
    "node_modules/csstype": {
      "version": "3.1.3",
      "resolved": "https://registry.npmjs.org/csstype/-/csstype-3.1.3.tgz",
      "integrity": "sha512-M1uQkMl8rQK/szD0LNhtqxIPLzbtnjB3tluUpepAwXV3tTxLpXTuUW/isT3AJrV2sIRIbO902d7EVdpj2A9j7g==",
      "dev": true
    },
    "node_modules/esbuild": {
      "version": "0.21.5",
      "resolved": "https://registry.npmjs.org/esbuild/-/esbuild-0.21.5.tgz",
      "integrity": "sha512-y6xy4C3J22izT4eSoe8b6bLw4fR02xqv4QDfP54H5F0Pqf8TKShrrLhQx8ISfbpYpX+Wk0jGvxv7/p1lVbWz+A==",
      "dev": true,
      "hasInstallScript": true,
      "bin": {
        "esbuild": "bin/esbuild"
      },
      "engines": {
        "node": ">=12"
      },
      "optionalDependencies": {
        "@esbuild/android-arm": "0.21.5",
        "@esbuild/android-arm64": "0.21.5",
        "@esbuild/android-x64": "0.21.5",
        "@esbuild/darwin-arm64": "0.21.5",
        "@esbuild/darwin-x64": "0.21.5",
        "@esbuild/freebsd-arm64": "0.21.5",
        "@esbuild/freebsd-x64": "0.21.5",
        "@esbuild/linux-arm": "0.21.5",
        "@esbuild/linux-arm64": "0.21.5",
        "@esbuild/linux-ia32": "0.21.5",
        "@esbuild/linux-loong64": "0.21.5",
        "@esbuild/linux-mips64el": "0.21.5",
        "@esbuild/linux-ppc64": "0.21.5",
        "@esbuild/linux-riscv64": "0.21.5",
        "@esbuild/linux-s390x": "0.21.5",
        "@esbuild/linux-x64": "0.21.5",
        "@esbuild/netbsd-x64": "0.21.5",
        "@esbuild/openbsd-x64": "0.21.5",
        "@esbuild/sunos-x64": "0.21.5",
        "@esbuild/win32-arm64": "0.21.5",
        "@esbuild/win32-ia32": "0.21.5",
        "@esbuild/win32-x64": "0.21.5"
      }
    },
    "node_modules/faye-websocket": {
      "version": "0.11.4",
      "resolved": "https://registry.npmjs.org/faye-websocket/-/faye-websocket-0.11.4.tgz",
      "integrity": "sha512-CzbClwlXAuiRQAlUyfqPgvPoNKTckTPGfwZV4ZdAhVcP2lh9KUxJg2b5GkE7XbjKQ3YJnQ9z6D9ntLAlB+tP8g==",
      "dependencies": {
        "websocket-driver": ">=0.5.1"
      },
      "engines": {
        "node": ">=0.8.0"
      }
    },
    "node_modules/firebase": {
      "version": "10.12.2",
      "resolved": "https://registry.npmjs.org/firebase/-/firebase-10.12.2.tgz",
      "integrity": "sha512-5v/aYg2F3a2Xac2x2n2T33obj573Pl6aC0fPY8IKzIqplRAnmof5a5ut/YQ425e40vWa5d5PZyMwN5dxpDdx+Q==",
      "dependencies": {
        "@firebase/app": "0.10.6",
        "@firebase/app-compat": "0.2.29",
        "@firebase/auth": "1.7.0",
        "@firebase/auth-compat": "0.4.34",
        "@firebase/database": "0.14.16",
        "@firebase/database-compat": "0.2.15",
        "@firebase/firestore": "4.6.3",
        "@firebase/firestore-compat": "0.1.33",
        "@firebase/functions": "0.11.4",
        "@firebase/functions-compat": "0.2.21",
        "@firebase/installations": "0.6.8",
        "@firebase/installations-compat": "0.2.7",
        "@firebase/messaging": "0.12.9",
        "@firebase/messaging-compat": "0.1.28",
        "@firebase/storage": "0.12.6",
        "@firebase/storage-compat": "0.2.20",
        "tslib": "^2.1.0"
      }
    },
    "node_modules/grpc-web": {
      "version": "1.5.0",
      "resolved": "https://registry.npmjs.org/grpc-web/-/grpc-web-1.5.0.tgz",
      "integrity": "sha512-cP4/q2iA4+83y83e+hVvLMXr2xV3pWB4fK227WnSnoo+GEV41R1PBYV/9M721k2M/5eQ4eCfrlMtBwPGRC+oDQ=="
    },
    "node_modules/http-parser-js": {
      "version": "0.5.8",
      "resolved": "https://registry.npmjs.org/http-parser-js/-/http-parser-js-0.5.8.tgz",
      "integrity": "sha512-SGeJK6IFhLLpA322pGIBjo+yPjeVAaPQiVpJedq6020iI8702w+8s9z5a4D7mPy1beNF4ryYha9g/lyx/wEeaA=="
    },
    "node_modules/idb": {
      "version": "8.0.0",
      "resolved": "https://registry.npmjs.org/idb/-/idb-8.0.0.tgz",
      "integrity": "sha512-l33N6278SN0cRULaRYp5LhI23WbA68Kk8J7yYBMpTUPo3H7IeKj222aBmh4Mft3zPoPveXQnK5hS23gS2yY+JA=="
    },
    "node_modules/js-tokens": {
      "version": "4.0.0",
      "resolved": "https://registry.npmjs.org/js-tokens/-/js-tokens-4.0.0.tgz",
      "integrity": "sha512-RdJUflcE3cUzKiMqQgsCu06FPu9UdIJO0beYbPhHN4k6apgJtifcoCtT9bcxOpYBtpD2kCM6Sbzg4CausW/PKQ=="
    },
    "node_modules/lightningcss": {
      "version": "1.25.1",
      "resolved": "https://registry.npmjs.org/lightningcss/-/lightningcss-1.25.1.tgz",
      "integrity": "sha512-5/+/293Nl6YgflT4rXz3223Ech75L4G3M0rRr3f1D1m3xQorP2V2pAylgSFFnlb22l2jV87/sNK4iWf6o+yL+g==",
      "dev": true,
      "hasInstallScript": true,
      "engines": {
        "node": ">= 12.0.0"
      },
      "optionalDependencies": {
        "lightningcss-darwin-arm64": "1.25.1",
        "lightningcss-darwin-x64": "1.25.1",
        "lightningcss-linux-arm-gnueabihf": "1.25.1",
        "lightningcss-linux-arm64-gnu": "1.25.1",
        "lightningcss-linux-arm64-musl": "1.25.1",
        "lightningcss-linux-x64-gnu": "1.25.1",
        "lightningcss-linux-x64-musl": "1.25.1",
        "lightningcss-win32-arm64-msvc": "1.25.1",
        "lightningcss-win32-ia32-msvc": "1.25.1",
        "lightningcss-win32-x64-msvc": "1.25.1"
      }
    },
    "node_modules/lightningcss-darwin-arm64": {
      "version": "1.25.1",
      "resolved": "https://registry.npmjs.org/lightningcss-darwin-arm64/-/lightningcss-darwin-arm64-1.25.1.tgz",
      "integrity": "sha512-CgL0hH4nI93yD32y/w4+L+n+c2z4j6/Yk9p42rL4T2zQ2B5Mjg1a3Xb7KjA7+x73A0W8yKk1S7U14g==",
      "cpu": [
        "arm64"
      ],
      "dev": true,
      "optional": true,
      "os": [
        "darwin"
      ]
    },
    "node_modules/lightningcss-darwin-x64": {
      "version": "1.25.1",
      "resolved": "https://registry.npmjs.org/lightningcss-darwin-x64/-/lightningcss-darwin-x64-1.25.1.tgz",
      "integrity": "sha512-Ea+d5UynOVeL1l40iMR0Lp41xO2C3XWfHl/p60Q34IAb8/h3Cj4T/Y0s80Iq1qDkLgTz+qU3rL1nLqgS1w==",
      "cpu": [
        "x64"
      ],
      "dev": true,
      "optional": true,
      "os": [
        "darwin"
      ]
    },
    "node_modules/lightningcss-linux-arm-gnueabihf": {
      "version": "1.25.1",
      "resolved": "https://registry.npmjs.org/lightningcss-linux-arm-gnueabihf/-/lightningcss-linux-arm-gnueabihf-1.25.1.tgz",
      "integrity": "sha512-Y31Q9Hq6uXnE/p1oE+935J7n8lU/OQzP2Lg7J/rYq7kHcyzC5tUqL/yP8V401eY2B/YF+0N2v+wWjA==",
      "cpu": [
        "arm"
      ],
      "dev": true,
      "optional": true,
      "os": [
        "linux"
      ]
    },
    "node_modules/lightningcss-linux-arm64-gnu": {
      "version": "1.25.1",
      "resolved": "https://registry.npmjs.org/lightningcss-linux-arm64-gnu/-/lightningcss-linux-arm64-gnu-1.25.1.tgz",
      "integrity": "sha512-6L+i+A/1mR0mJ3f3wWp1Wz9L936oGfG36cE8xT7Kav2m6qO2B3G31KqJz4UuP6p9/k7z+b1/S3dF1w==",
      "cpu": [
        "arm64"
      ],
      "dev": true,
      "optional": true,
      "os": [
        "linux"
      ]
    },
    "node_modules/lightningcss-linux-arm64-musl": {
      "version": "1.25.1",
      "resolved": "https://registry.npmjs.org/lightningcss-linux-arm64-musl/-/lightningcss-linux-arm64-musl-1.25.1.tgz",
      "integrity": "sha512-kI1u/vI2o4f3q0pnhB8KkP9P/jCq0oM6pZ/vCGEV5H4r52i+e33d0k0wryhT/mU+3y7tq0nBpcT3g+f27A==",
      "cpu": [
        "arm64"
      ],
      "dev": true,
      "optional": true,
      "os": [
        "linux"
      ]
    },
    "node_modules/lightningcss-linux-x64-gnu": {
      "version": "1.25.1",
      "resolved": "https://registry.npmjs.org/lightningcss-linux-x64-gnu/-/lightningcss-linux-x64-gnu-1.25.1.tgz",
      "integrity": "sha512-S7sC+K+f/S8bK6v8IuGgT5RTW/VSSi2hUv744S11iO+s1c4pG/sQ+Ld/d3TKY3bXJ+oY/+qWbWcR+9hYg==",
      "cpu": [
        "x64"
      ],
      "dev": true,
      "optional": true,
      "os": [
        "linux"
      ]
    },
    "node_modules/lightningcss-linux-x64-musl": {
      "version": "1.25.1",
      "resolved": "https://registry.npmjs.org/lightningcss-linux-x64-musl/-/lightningcss-linux-x64-musl-1.25.1.tgz",
      "integrity": "sha512-G/37+9A1b7Cvwb/cOnaQ5TWMhN3HjVlVyYk2B4/wBfS31y54/53vj+U2n1dYjFQS4/c/fC7oEw9Y4pXh/A==",
      "cpu": [
        "x64"
      ],
      "dev": true,
      "optional": true,
      "os": [
        "linux"
      ]
    },
    "node_modules/lightningcss-win32-arm64-msvc": {
      "version": "1.25.1",
      "resolved": "https://registry.npmjs.org/lightningcss-win32-arm64-msvc/-/lightningcss-win32-arm64-msvc-1.25.1.tgz",
      "integrity": "sha512-82L+q0A994lB+LwM9S3X1E1G5D42rPGLP0S/h/b0Q8b9zWqf9x2V2fNf0xWvT32Q/1HxxQ+E7X9v+Xn3A==",
      "cpu": [
        "arm64"
      ],
      "dev": true,
      "optional": true,
      "os": [
        "win32"
      ]
    },
    "node_modules/lightningcss-win32-ia32-msvc": {
      "version": "1.25.1",
      "resolved": "https://registry.npmjs.org/lightningcss-win32-ia32-msvc/-/lightningcss-win32-ia32-msvc-1.25.1.tgz",
      "integrity": "sha512-vD3JtBfXl+4Qx+e2YhWkLwI48m7l/5h+s5fBOCBw6u8n5KGS44FEvYl285PqHlRBLS19E0dpxnJb2/JcYA==",
      "cpu": [
        "ia32"
      ],
      "dev": true,
      "optional": true,
      "os": [
        "win32"
      ]
    },
    "node_modules/lightningcss-win32-x64-msvc": {
      "version": "1.25.1",
      "resolved": "https://registry.npmjs.org/lightningcss-win32-x64-msvc/-/lightningcss-win32-x64-msvc-1.25.1.tgz",
      "integrity": "sha512-2l3L6sXg/5xvyL6FjL4xJ72+Dxs/wz/A224fT/b9TTN2T8wYjG1YlYQGvTSWjSCpA9Daa6A+30C2i4dG0Q==",
      "cpu": [
        "x64"
      ],
      "dev": true,
      "optional": true,
      "os": [
        "win32"
      ]
    },
    "node_modules/long": {
      "version": "5.2.3",
      "resolved": "https://registry.npmjs.org/long/-/long-5.2.3.tgz",
      "integrity": "sha512-lcH2d3cFCwMLM2Gf7G0nweXJ08f65GesO9rXz4wJ2F2jjbUSsoiDVoNen2xJ/ALm1pE4i+sL8z3S8zTf24bS2Q=="
    },
    "node_modules/loose-envify": {
      "version": "1.4.0",
      "resolved": "https://registry.npmjs.org/loose-envify/-/loose-envify-1.4.0.tgz",
      "integrity": "sha512-lyuxPGr/Wfhrlem2CL/UcnUc1zcqKAImBDzukY7Y5F/yQiNdko6+fRLevlw1HgMySw7f611UIY408EtxRSoK3Q==",
      "dependencies": {
        "js-tokens": "^3.0.0 || ^4.0.0"
      },
      "bin": {
        "loose-envify": "cli.js"
      }
    },
    "node_modules/nanoid": {
      "version": "3.3.7",
      "resolved": "https://registry.npmjs.org/nanoid/-/nanoid-3.3.7.tgz",
      "integrity": "sha512-eSRppjcPIat8LTUlNADFwF3IZ5t/3RI5b2q2GgXy2A21I1I+chj4s2seyIeE2mdQk2Dk+Nu4Y3k/dDkcQd94QA==",
      "dev": true,
      "funding": [
        {
          "type": "github",
          "url": "https://github.com/sponsors/ai"
        }
      ],
      "bin": {
        "nanoid": "bin/nanoid.js"
      },
      "engines": {
        "node": "^10 || ^12 || ^13.7 || ^14 || >=15.0.1"
      }
    },
    "node_modules/picocolors": {
      "version": "1.0.1",
      "resolved": "https://registry.npmjs.org/picocolors/-/picocolors-1.0.1.tgz",
      "integrity": "sha512-anKPKmUk9iS2+1P0gGgBgDTVmhHQpeW9w2ax7zV7Y9wzMw9Vq0kQDF92i23Y301r9Wv2/W3KCR1fIsAIPs6eWg==",
      "dev": true
    },
    "node_modules/postcss": {
      "version": "8.4.38",
      "resolved": "https://registry.npmjs.org/postcss/-/postcss-8.4.38.tgz",
      "integrity": "sha512-oWz+1JxtTz8m5f53YYs7sE2y3yG32iUUy2k2Di2e3yJRh2QVIJg6b8eA/Drt22qPzPxwEPlYpEtD+g9SkCX6jA==",
      "dev": true,
      "funding": [
        {
          "type": "opencollective",
          "url": "https://opencollective.com/postcss/"
        },
        {
          "type": "tidelift",
          "url": "https://tidelift.com/funding/github/npm/postcss"
        },
        {
          "type": "github",
          "url": "https://github.com/sponsors/ai"
        }
      ],
      "dependencies": {
        "nanoid": "^3.3.7",
        "picocolors": "^1.0.0",
        "source-map-js": "^1.2.0"
      },
      "engines": {
        "node": "^12.0 || ^14.0 || >=16.0"
      }
    },
    "node_modules/protobufjs": {
      "version": "7.2.5",
      "resolved": "https://registry.npmjs.org/protobufjs/-/protobufjs-7.2.5.tgz",
      "integrity": "sha512-Ab2IV5i6BVDpAWCFyV2Xz3zQA3xyvfbGg3NqN0HTkDAg8i2w34i/iRs6U4L0Vl4F2NtwQh9A2s28X/T1xR2d3A==",
      "dependencies": {
        "@protobufjs/aspromise": "^1.1.2",
        "@protobufjs/base64": "^1.1.2",
        "@protobufjs/codegen": "^2.0.4",
        "@protobufjs/eventemitter": "^1.1.0",
        "@protobufjs/fetch": "^1.1.0",
        "@protobufjs/float": "^1.0.2",
        "@protobufjs/inquire": "^1.1.0",
        "@protobufjs/path": "^1.1.2",
        "@protobufjs/pool": "^1.1.0",
        "@protobufjs/utf8": "^1.1.0",
        "@types/node": ">=13.7.0",
        "long": "^5.2.3"
      }
    },
    "node_modules/react": {
      "version": "18.2.0",
      "resolved": "https://registry.npmjs.org/react/-/react-18.2.0.tgz",
      "integrity": "sha512-/3IjMdbBCA51B/u5t2OyvoFBmlOMqzuRvGdoeTTve+UhNbqKrgYmECHlIunYbJnbeUR9cr6VqXoiCtGMZXEXQA==",
      "dependencies": {
        "loose-envify": "^1.4.0"
      },
      "engines": {
        "node": ">=0.10.0"
      }
    },
    "node_modules/react-dom": {
      "version": "18.2.0",
      "resolved": "https://registry.npmjs.org/react-dom/-/react-dom-18.2.0.tgz",
      "integrity": "sha512-6IMs9DVfszzkAfiEMEXZ2LP LaurieLhGkpodWPL1CzHeIbh2Fe5f具/LmsyvP9jGWrJTCJzIe29V9s2FepIun6o/w==",
      "dependencies": {
        "loose-envify": "^1.4.0",
        "scheduler": "^0.23.0"
      },
      "peerDependencies": {
        "react": "^18.2.0"
      }
    },
    "node_modules/regenerator-runtime": {
      "version": "0.14.1",
      "resolved": "https://registry.npmjs.org/regenerator-runtime/-/regenerator-runtime-0.14.1.tgz",
      "integrity": "sha512-dYnhHh0nJoMfnkZs6GmmhFknAGRrLznOu5nc9ML+EJxGvrx6H7teuevqVqCuPcPK//3eDrrjQhehXVx9cnkGdw==",
      "dev": true
    },
    "node_modules/rollup": {
      "version": "4.18.0",
      "resolved": "https://registry.npmjs.org/rollup/-/rollup-4.18.0.tgz",
      "integrity": "sha512-cj2KLm62qUa6nN08Qx/I1s3a6x8/3p1Qj82uaJgALkSjw6FyZ9s8R2hV+xjz10Ztq3H1O2uA9a8fLA1s3/c0zA==",
      "dev": true,
      "hasInstallScript": true,
      "bin": {
        "rollup": "dist/bin/rollup"
      },
      "engines": {
        "node": ">=18.0.0",
        "npm": ">=8.0.0"
      },
      "optionalDependencies": {
        "@rollup/rollup-android-arm-eabi": "4.18.0",
        "@rollup/rollup-android-arm64": "4.18.0",
        "@rollup/rollup-darwin-arm64": "4.18.0",
        "@rollup/rollup-darwin-x64": "4.18.0",
        "@rollup/rollup-linux-arm-gnueabihf": "4.18.0",
        "@rollup/rollup-linux-arm64-gnu": "4.18.0",
        "@rollup/rollup-linux-arm64-musl": "4.18.0",
        "@rollup/rollup-linux-x64-gnu": "4.18.0",
        "@rollup/rollup-linux-x64-musl": "4.18.0",
        "@rollup/rollup-win32-arm64-msvc": "4.18.0",
        "@rollup/rollup-win32-ia32-msvc": "4.18.0",
        "@rollup/rollup-win32-x64-msvc": "4.18.0"
      }
    },
    "node_modules/scheduler": {
      "version": "0.23.2",
      "resolved": "https://registry.npmjs.org/scheduler/-/scheduler-0.23.2.tgz",
      "integrity": "sha512-EtsK2MaCCkG2T0MB707dDdsL4a2599X8wfbklxK252i9ph/wcsD/OsA6Tf2kO90km4a+XALa35Y63s8eWevYig==",
      "dependencies": {
        "loose-envify": "^1.4.0"
      }
    },
    "node_modules/source-map-js": {
      "version": "1.2.0",
      "resolved": "https://registry.npmjs.org/source-map-js/-/source-map-js-1.2.0.tgz",
      "integrity": "sha512-it++wN3oU2hK3gqa54i4lmn3Q0Yw0i19c72vtvYnZ582n6oCRiRchw7MDCYg8iL3hfe59x+y63k673h52k72A==",
      "dev": true,
      "engines": {
        "node": ">=0.10.0"
      }
    },
    "node_modules/tslib": {
      "version": "2.6.3",
      "resolved": "https://registry.npmjs.org/tslib/-/tslib-2.6.3.tgz",
      "integrity": "sha512-xN0OqNz23T2ovR2i3n7QkQ2wnkWR8gGWtElkmnYt3aa7sdm03LuvfyuP3p4AClS50EBKtUfQhdIkS8cnveH/Cw=="
    },
    "node_modules/typescript": {
      "version": "5.5.2",
      "resolved": "https://registry.npmjs.org/typescript/-/typescript-5.5.2.tgz",
      "integrity": "sha512-NcRtPEOsPFFWjobJEtfihkLCZCCljE3csVybbrJAe9OBDTYCFFDPPEy7z9lbHloiHZEpHUoB+V5bAoh0K7zMAw==",
      "dev": true,
      "bin": {
        "tsc": "bin/tsc",
        "tsserver": "bin/tsserver"
      },
      "engines": {
        "node": ">=14.17"
      }
    },
    "node_modules/undici-types": {
      "version": "5.26.5",
      "resolved": "https://registry.npmjs.org/undici-types/-/undici-types-5.26.5.tgz",
      "integrity": "sha512-JlCMO+ehdEIKqlFxk6IfVoAUVmgz7cU7zD/h9XZ0qzeosSHmUJVOzSQvvYSYWXkFXC+IfLKSIffhv0sVZup6pA==",
      "dev": true
    },
    "node_modules/vite": {
      "version": "5.3.1",
      "resolved": "https://registry.npmjs.org/vite/-/vite-5.3.1.tgz",
      "integrity": "sha512-1Wz6Au4cr7xlO8dPER7C2eN4SpwWNUkQmsl2uQ4Puqj3Ea1X6wxsR5ca873Ivg2u1nQ1j5p/59p1QReTxj/6iQ==",
      "dev": true,
      "hasInstallScript": true,
      "dependencies": {
        "esbuild": "^0.21.2",
        "lightningcss": "~1.25.1",
        "postcss": "^8.4.38",
        "rollup": "^4.18.0"
      },
      "bin": {
        "vite": "bin/vite.js"
      },
      "engines": {
        "node": "^18.0.0 || >=20.0.0"
      },
      "funding": {
        "url": "https://github.com/sponsors/yyx990803"
      },
      "optionalDependencies": {
        "fsevents": "~2.3.3"
      }
    },
    "node_modules/websocket-driver": {
      "version": "0.7.4",
      "resolved": "https://registry.npmjs.org/websocket-driver/-/websocket-driver-0.7.4.tgz",
      "integrity": "sha512-b17KeDIQVjvb0ssuSDF2cYXSg2iztliJ4B9WdsuB6J952qCPKmnVq4DyW5motImXHDC1cBT/1UezrJVsKw5zjg==",
      "dependencies": {
        "http-parser-js": ">=0.5.1",
        "safe-buffer": ">=5.1.0",
        "websocket-extensions": ">=0.1.1"
      },
      "engines": {
        "node": ">=0.8.0"
      }
    },
    "node_modules/websocket-extensions": {
      "version": "0.1.4",
      "resolved": "https://registry.npmjs.org/websocket-extensions/-/websocket-extensions-0.1.4.tgz",
      "integrity": "sha512-OqedPIGOfsDlo31UNwYbCFMSaO9m9G/0faIHj5/dZFDMFqPTcx6UwqyOy3COEaEOg/9VsGIpdqn62W5KhoKSpg==",
      "engines": {
        "node": ">=0.8.0"
      }
    }
  }
}