{
  "name": "aqui-depois-do-pix-final",
  "version": "0.0.0",
  "lockfileVersion": 3,
  "requires": true,
  "packages": {
    "": {
      "name": "aqui-depois-do-pix-final",
      "version": "0.0.0",
      "dependencies": {
        "@dnd-kit/core": "6.1.0",
        "@dnd-kit/sortable": "8.0.0",
        "@dnd-kit/utilities": "3.2.2",
        "@google/genai": "0.14.0",
        "firebase": "^10.12.2",
        "react": "^18.2.0",
        "react-dom": "^18.2.0"
      },
      "devDependencies": {
        "@types/node": "^20.14.9",
        "@vitejs/plugin-react": "^4.3.1",
        "typescript": "^5.5.2",
        "vite": "^5.3.1"
      }
    },
    "node_modules/@babel/runtime": {
      "version": "7.24.7",
      "resolved": "https://registry.npmjs.org/@babel/runtime/-/runtime-7.24.7.tgz",
      "integrity": "sha512-U9NBP3r9j9iwh9K492cZ8om2akP6SPgY3s4ig64xsh34zT2K3/aG+lPc5A32v3s49QGhsj3a/i3l2bnO3f2+3w==",
      "dev": true,
      "dependencies": {
        "regenerator-runtime": "^0.14.0"
      },
      "engines": {
        "node": ">=6.9.0"
      }
    },
    "node_modules/@dnd-kit/accessibility": {
      "version": "3.1.1",
      "resolved": "https://registry.npmjs.org/@dnd-kit/accessibility/-/accessibility-3.1.1.tgz",
      "integrity": "sha512-2P+YgaXF+gRsIihwwY1gCsQSYnu9Zyj2py8kY5fFvUM1qm2WA2u639R6YNVfU4GWr+ZM5mqEsfHZZLoRONbemw==",
      "dependencies": {
        "tslib": "^2.0.0"
      },
      "peerDependencies": {
        "react": ">=16.8.0"
      }
    },
    "node_modules/@dnd-kit/core": {
      "version": "6.1.0",
      "resolved": "https://registry.npmjs.org/@dnd-kit/core/-/core-6.1.0.tgz",
      "integrity": "sha512-J3cQBClB4TVxwGo3KEjssGEXNJqGVWx17aRTZ1ob0FliR5IjYgTxl5YJbKTzA6IzrtelotH19v6y7uoIRUZPSg==",
      "dependencies": {
        "@dnd-kit/accessibility": "^3.1.0",
        "@dnd-kit/utilities": "^3.2.2",
        "tslib": "^2.0.0"
      },
      "peerDependencies": {
        "react": ">=16.8.0",
        "react-dom": ">=16.8.0"
      }
    },
    "node_modules/@dnd-kit/sortable": {
      "version": "8.0.0",
      "resolved": "https://registry.npmjs.org/@dnd-kit/sortable/-/sortable-8.0.0.tgz",
      "integrity": "sha512-U3jk5ebVXe1Lr7c2wU7SBZjcWdQP+j7peHJfCspnA81enlu88Mgd7CC8Q+pub9ubP7eKVETzJW+IBAhsqbSu/g==",
      "dependencies": {
        "@dnd-kit/utilities": "^3.2.2",
        "tslib": "^2.0.0"
      },
      "peerDependencies": {
        "@dnd-kit/core": "^6.1.0",
        "react": ">=16.8.0"
      }
    },
    "node_modules/@dnd-kit/utilities": {
      "version": "3.2.2",
      "resolved": "https://registry.npmjs.org/@dnd-kit/utilities/-/utilities-3.2.2.tgz",
      "integrity": "sha512-+MKAJEOfaBe5SmV6t34p80MMKhjvUz0vRrvVJbPT0WElzaOJ/1xs+D+KDv+tD/NE5ujfrChEcshd4fLn0wpiqg==",
      "dependencies": {
        "tslib": "^2.0.0"
      },
      "peerDependencies": {
        "react": ">=16.8.0"
      }
    },
    "node_modules/@firebase/app": {
      "version": "0.10.6",
      "resolved": "https://registry.npmjs.org/firebase/-/firebase-10.12.2.tgz",
      "integrity": "sha512-5v/aYg2F3a2Xac2x2n2T33obj573Pl6aC0fPY8IKzIqplRAnmof5a5ut/YQ425e40vWa5d5PZyMwN5dxpDdx+Q==",
      "dependencies": {
        "@firebase/app": "0.10.6",
        "@firebase/app-compat": "0.2.29",
        "@firebase/auth": "1.7.0",
        "@firebase/auth-compat": "0.4.34",
        "@firebase/database": "0.14.16",
        "@firebase/database-compat": "0.2.15",
        "@firebase/firestore": "4.6.3",
        "@firebase/firestore-compat": "0.1.33",
        "@firebase/functions": "0.11.4",
        "@firebase/functions-compat": "0.2.21",
        "@firebase/installations": "0.6.8",
        "@firebase/installations-compat": "0.2.7",
        "@firebase/messaging": "0.12.9",
        "@firebase/messaging-compat": "0.1.28",
        "@firebase/storage": "0.12.6",
        "@firebase/storage-compat": "0.2.20",
        "tslib": "^2.1.0"
      }
    },
    "node_modules/@firebase/app-check-interop-types": {
      "version": "0.3.2",
      "resolved": "https://registry.npmjs.org/@firebase/app-check-interop-types/-/app-check-interop-types-0.3.2.tgz",
      "integrity": "sha512-LMs47Vinv2HBMZi49C09dJxp0QT5LwDzFaVGf/+ITHe3BlIhUiLNttkATSXplc89A2lAaeTqjgqVkiRfUGyQiQ=="
    },
    "node_modules/@firebase/auth": {
      "version": "1.7.0",
      "resolved": "https://registry.npmjs.org/firebase/-/firebase-10.12.2.tgz",
      "integrity": "sha512-5v/aYg2F3a2Xac2x2n2T33obj573Pl6aC0fPY8IKzIqplRAnmof5a5ut/YQ425e40vWa5d5PZyMwN5dxpDdx+Q==",
      "dependencies": {
        "@firebase/app": "0.10.6",
        "@firebase/app-compat": "0.2.29",
        "@firebase/auth": "1.7.0",
        "@firebase/auth-compat": "0.4.34",
        "@firebase/database": "0.14.16",
        "@firebase/database-compat": "0.2.15",
        "@firebase/firestore": "4.6.3",
        "@firebase/firestore-compat": "0.1.33",
        "@firebase/functions": "0.11.4",
        "@firebase/functions-compat": "0.2.21",
        "@firebase/installations": "0.6.8",
        "@firebase/installations-compat": "0.2.7",
        "@firebase/messaging": "0.12.9",
        "@firebase/messaging-compat": "0.1.28",
        "@firebase/storage": "0.12.6",
        "@firebase/storage-compat": "0.2.20",
        "tslib": "^2.1.0"
      }
    },
    "node_modules/@firebase/auth-interop-types": {
      "version": "0.2.3",
      "resolved": "https://registry.npmjs.org/@firebase/auth-interop-types/-/auth-interop-types-0.2.3.tgz",
      "integrity": "sha512-Fc9wuJGgxoxQeavybiuwgyi+0rssr76b+nHpj+eGhXFYAdudMWyfBHvFL/I5fEHniUM/UQdFzi9VXJK2iZF7FQ=="
    },
    "node_modules/@firebase/component": {
      "version": "0.6.9",
      "resolved": "https://registry.npmjs.org/@firebase/component/-/component-0.6.9.tgz",
      "integrity": "sha512-gm8EUEJE/fEac86AvHn8Z/QW8BvR56TBw3hMW0O838J/1mThYQXAIQBgUv75EqlCZfdawpWLrKt1uXvp9ciK3Q==",
      "dependencies": {
        "@firebase/util": "1.10.0",
        "tslib": "^2.1.0"
      }
    },
    "node_modules/@firebase/database": {
      "version": "0.14.16",
      "resolved": "https://registry.npmjs.org/firebase/-/firebase-10.12.2.tgz",
      "integrity": "sha512-5v/aYg2F3a2Xac2x2n2T33obj573Pl6aC0fPY8IKzIqplRAnmof5a5ut/YQ425e40vWa5d5PZyMwN5dxpDdx+Q==",
      "dependencies": {
        "@firebase/app": "0.10.6",
        "@firebase/app-compat": "0.2.29",
        "@firebase/auth": "1.7.0",
        "@firebase/auth-compat": "0.4.34",
        "@firebase/database": "0.14.16",
        "@firebase/database-compat": "0.2.15",
        "@firebase/firestore": "4.6.3",
        "@firebase/firestore-compat": "0.1.33",
        "@firebase/functions": "0.11.4",
        "@firebase/functions-compat": "0.2.21",
        "@firebase/installations": "0.6.8",
        "@firebase/installations-compat": "0.2.7",
        "@firebase/messaging": "0.12.9",
        "@firebase/messaging-compat": "0.1.28",
        "@firebase/storage": "0.12.6",
        "@firebase/storage-compat": "0.2.20",
        "tslib": "^2.1.0"
      }
    },
    "node_modules/@firebase/database-types": {
      "version": "0.9.23",
      "resolved": "https://registry.npmjs.org/@firebase/database-types/-/database-types-0.9.23.tgz",
      "integrity": "sha512-A1S1XmPOxxg/t8Yc8aN7o1P0swj3kCxlp3bKroiWJ8IL39m2WE5Oo7f8Ppe52d0k2sL4zPwmh8o5dJ2zIaBq5w==",
      "dependencies": {
        "@firebase/app-types": "0.9.1",
        "@firebase/util": "1.10.0"
      }
    },
    "node_modules/@firebase/firestore": {
      "version": "4.6.3",
      "resolved": "https://registry.npmjs.org/firebase/-/firebase-10.12.2.tgz",
      "integrity": "sha512-5v/aYg2F3a2Xac2x2n2T33obj573Pl6aC0fPY8IKzIqplRAnmof5a5ut/YQ425e40vWa5d5PZyMwN5dxpDdx+Q==",
      "dependencies": {
        "@firebase/app": "0.10.6",
        "@firebase/app-compat": "0.2.29",
        "@firebase/auth": "1.7.0",
        "@firebase/auth-compat": "0.4.34",
        "@firebase/database": "0.14.16",
        "@firebase/database-compat": "0.2.15",
        "@firebase/firestore": "4.6.3",
        "@firebase/firestore-compat": "0.1.33",
        "@firebase/functions": "0.11.4",
        "@firebase/functions-compat": "0.2.21",
        "@firebase/installations": "0.6.8",
        "@firebase/installations-compat": "0.2.7",
        "@firebase/messaging": "0.12.9",
        "@firebase/messaging-compat": "0.1.28",
        "@firebase/storage": "0.12.6",
        "@firebase/storage-compat": "0.2.20",
        "tslib": "^2.1.0"
      }
    },
    "node_modules/@firebase/firestore-types": {
      "version": "2.5.1",
      "resolved": "https://registry.npmjs.org/@firebase/firestore-types/-/firestore-types-2.5.1.tgz",
      "integrity": "sha512-5v+5aT6K3IR0vTYkP2wY6osl7d6wv3sdbb3bYh3e5/11Rbf6S5pMyf233XFm7e2x/c8yLStL6I8xgo5sA79dQ==",
      "dependencies": {
        "@firebase/app-types": "0.9.1"
      }
    },
    "node_modules/@firebase/functions": {
      "version": "0.11.4",
      "resolved": "https://registry.npmjs.org/firebase/-/firebase-10.12.2.tgz",
      "integrity": "sha512-5v/aYg2F3a2Xac2x2n2T33obj573Pl6aC0fPY8IKzIqplRAnmof5a5ut/YQ425e40vWa5d5PZyMwN5dxpDdx+Q==",
      "dependencies": {
        "@firebase/app": "0.10.6",
        "@firebase/app-compat": "0.2.29",
        "@firebase/auth": "1.7.0",
        "@firebase/auth-compat": "0.4.34",
        "@firebase/database": "0.14.16",
        "@firebase/database-compat": "0.2.15",
        "@firebase/firestore": "4.6.3",
        "@firebase/firestore-compat": "0.1.33",
        "@firebase/functions": "0.11.4",
        "@firebase/functions-compat": "0.2.21",
        "@firebase/installations": "0.6.8",
        "@firebase/installations-compat": "0.2.7",
        "@firebase/messaging": "0.12.9",
        "@firebase/messaging-compat": "0.1.28",
        "@firebase/storage": "0.12.6",
        "@firebase/storage-compat": "0.2.20",
        "tslib": "^2.1.0"
      }
    },
    "node_modules/@firebase/functions-types": {
      "version": "0.6.5",
      "resolved": "https://registry.npmjs.org/@firebase/functions-types/-/functions-types-0.6.5.tgz",
      "integrity": "sha512-jA6mJb8uJjN59a/HiOelFUxYwOhQp5Cj3y3NBFaOyM/qKD6mp33cW8znzJkRkBqNYv6gU5oye2I/J4r5L1bY1Q==",
      "dependencies": {
        "@firebase/app-types": "0.9.1"
      }
    },
    "node_modules/@firebase/installations": {
      "version": "0.6.8",
      "resolved": "https://registry.npmjs.org/firebase/-/firebase-10.12.2.tgz",
      "integrity": "sha512-5v/aYg2F3a2Xac2x2n2T33obj573Pl6aC0fPY8IKzIqplRAnmof5a5ut/YQ425e40vWa5d5PZyMwN5dxpDdx+Q==",
      "dependencies": {
        "@firebase/app": "0.10.6",
        "@firebase/app-compat": "0.2.29",
        "@firebase/auth": "1.7.0",
        "@firebase/auth-compat": "0.4.34",
        "@firebase/database": "0.14.16",
        "@firebase/database-compat": "0.2.15",
        "@firebase/firestore": "4.6.3",
        "@firebase/firestore-compat": "0.1.33",
        "@firebase/functions": "0.11.4",
        "@firebase/functions-compat": "0.2.21",
        "@firebase/installations": "0.6.8",
        "@firebase/installations-compat": "0.2.7",
        "@firebase/messaging": "0.12.9",
        "@firebase/messaging-compat": "0.1.28",
        "@firebase/storage": "0.12.6",
        "@firebase/storage-compat": "0.2.20",
        "tslib": "^2.1.0"
      }
    },
    "node_modules/@firebase/logger": {
      "version": "0.4.2",
      "resolved": "https://registry.npmjs.org/@firebase/logger/-/logger-0.4.2.tgz",
      "integrity": "sha512-Q1VuA5M1Gjqrwom6I6NUU4lQXdo9IAQieXlujeHZWvRt1b7qQ0KwBaNAjgxG27jgF9/mUwsNmO8ptBCGVYhB0A==",
      "dependencies": {
        "tslib": "^2.1.0"
      }
    },
    "node_modules/@firebase/messaging": {
      "version": "0.12.9",
      "resolved": "https://registry.npmjs.org/firebase/-/firebase-10.12.2.tgz",
      "integrity": "sha512-5v/aYg2F3a2Xac2x2n2T33obj573Pl6aC0fPY8IKzIqplRAnmof5a5ut/YQ425e40vWa5d5PZyMwN5dxpDdx+Q==",
      "dependencies": {
        "@firebase/app": "0.10.6",
        "@firebase/app-compat": "0.2.29",
        "@firebase/auth": "1.7.0",
        "@firebase/auth-compat": "0.4.34",
        "@firebase/database": "0.14.16",
        "@firebase/database-compat": "0.2.15",
        "@firebase/firestore": "4.6.3",
        "@firebase/firestore-compat": "0.1.33",
        "@firebase/functions": "0.11.4",
        "@firebase/functions-compat": "0.2.21",
        "@firebase/installations": "0.6.8",
        "@firebase/installations-compat": "0.2.7",
        "@firebase/messaging": "0.12.9",
        "@firebase/messaging-compat": "0.1.28",
        "@firebase/storage": "0.12.6",
        "@firebase/storage-compat": "0.2.20",
        "tslib": "^2.1.0"
      }
    },
    "node_modules/@firebase/storage": {
      "version": "0.12.6",
      "resolved": "https://registry.npmjs.org/firebase/-/firebase-10.12.2.tgz",
      "integrity": "sha512-5v/aYg2F3a2Xac2x2n2T33obj573Pl6aC0fPY8IKzIqplRAnmof5a5ut/YQ425e40vWa5d5PZyMwN5dxpDdx+Q==",
      "dependencies": {
        "@firebase/app": "0.10.6",
        "@firebase/app-compat": "0.2.29",
        "@firebase/auth": "1.7.0",
        "@firebase/auth-compat": "0.4.34",
        "@firebase/database": "0.14.16",
        "@firebase/database-compat": "0.2.15",
        "@firebase/firestore": "4.6.3",
        "@firebase/firestore-compat": "0.1.33",
        "@firebase/functions": "0.11.4",
        "@firebase/functions-compat": "0.2.21",
        "@firebase/installations": "0.6.8",
        "@firebase/installations-compat": "0.2.7",
        "@firebase/messaging": "0.12.9",
        "@firebase/messaging-compat": "0.1.28",
        "@firebase/storage": "0.12.6",
        "@firebase/storage-compat": "0.2.20",
        "tslib": "^2.1.0"
      }
    },
    "node_modules/@firebase/storage-types": {
      "version": "0.9.8",
      "resolved": "https://registry.npmjs.org/@firebase/storage-types/-/storage-types-0.9.8.tgz",
      "integrity": "sha512-eGv47WHl465Q2wc0jOMpY9S47i36F3b9pA3UASh9p4dZpgs4XJ7+Co0U0WSxK8PZJ38a6kMtLVDyJ2p4U6OUig==",
      "dependencies": {
        "@firebase/app-types": "0.9.1"
      }
    },
    "node_modules/@firebase/util": {
      "version": "1.10.0",
      "resolved": "https://registry.npmjs.org/@firebase/util/-/util-1.10.0.tgz",
      "integrity": "sha512-xKtx4A668icQqoANRxyDLBLz51TAbDP9KRfpbKGxiCAW346d0BeJe5vN6/hKxxmWwnZ0mautyv39JxviwwQMOQ==",
      "dependencies": {
        "tslib": "^2.1.0"
      }
    },
    "node_modules/@google/genai": {
      "version": "0.14.0",
      "resolved": "https://registry.npmjs.org/@google/genai/-/genai-0.14.0.tgz",
      "integrity": "sha512-W6g1M0pWJdO6w/n4w+P6GgD7gQ5RMAo9eJ1BIdz7zM5d4E/fdJk7R0lsDq3i166Wwz2z/r+u+l7982/yIgY/GQ==",
      "dependencies": {
        "tslib": "^2.5.3"
      }
    },
    "node_modules/@types/node": {
      "version": "20.14.9",
      "resolved": "https://registry.npmjs.org/@types/node/-/node-20.14.9.tgz",
      "integrity": "sha512-06OCtn9lE8UbH2u+nSoD4L2xk6GzMW1s2k9JICGa3qqsfN/hXW5k2h6Gk2N/jB/b/hHQ9P17K2PURGgL5v23Sw==",
      "dev": true,
      "dependencies": {
        "undici-types": "~5.26.4"
      }
    },
    "node_modules/@types/prop-types": {
      "version": "15.7.12",
      "resolved": "https://registry.npmjs.org/@types/prop-types/-/prop-types-15.7.12.tgz",
      "integrity": "sha512-5zvhXYS3icfNlvmqg1pkq3annn2E8I2b3t3j6l+O4H7f3npV332l8D0V2x7/vWn423hY7nao5Q8gW4hV0iA5A==",
      "dev": true
    },
    "node_modules/@types/react": {
      "version": "18.3.3",
      "resolved": "https://registry.npmjs.org/@types/react/-/react-18.3.3.tgz",
      "integrity": "sha512-hti/R0pS0q1/xx+TsI73XIqk26eBsloNs4qA2q/6sStbxw/aOaBI8qsPLnTbJ7gE1BdOKsrxI4vgNn91fG4g2Q==",
      "dev": true,
      "dependencies": {
        "@types/prop-types": "*",
        "csstype": "^3.0.2"
      }
    },
    "node_modules/@types/react-dom": {
      "version": "18.3.0",
      "resolved": "https://registry.npmjs.org/@types/react-dom/-/react-dom-18.3.0.tgz",
      "integrity": "sha512-eFv2rwuL91NG3k9Sp4bES83ZrxxwT2o+QoYR3hwAl1zOD0veq2e+i22bfgZ4DLx6vYpLpS7Y22d2tISb/y2hBQ==",
      "dev": true,
      "dependencies": {
        "@types/react": "*"
      }
    },
    "node_modules/@vitejs/plugin-react": {
      "version": "4.3.1",
      "resolved": "https://registry.npmjs.org/@vitejs/plugin-react/-/plugin-react-4.3.1.tgz",
      "integrity": "sha512-Djw3A8j9g6u4e/dKzQl3mO3l+z3c3p/c3t62v3m71j/L4TjHod2fQBrL6iT+W99gXtt+T11tGUPG1v3D8tQ8qA==",
      "dev": true,
      "dependencies": {
        "@babel/runtime": "^7.24.0"
      },
      "engines": {
        "node": ">=18.0.0"
      },
      "peerDependencies": {
        "@types/react": "^16.8.0 || ^17.0.0 || ^18.0.0",
        "@types/react-dom": "^16.8.0 || ^17.0.0 || ^18.0.0",
        "react": "^16.8.0 || ^17.0.0 || ^18.0.0",
        "react-dom": "^16.8.0 || ^17.0.0 || ^18.0.0",
        "vite": "^4.5.2 || ^5.0.0"
      },
      "peerDependenciesMeta": {
        "@types/react": {
          "optional": true
        },
        "@types/react-dom": {
          "optional": true
        },
        "react": {
          "optional": true
        },
        "react-dom": {
          "optional": true
        }
      }
    },
    "node_modules/csstype": {
      "version": "3.1.3",
      "resolved": "https://registry.npmjs.org/csstype/-/csstype-3.1.3.tgz",
      "integrity": "sha512-M1uQkMl8rQK/szD0LNhtqxIPLzbtnjB3tluUpepAwXV3tTxLpXTuUW/isT3AJrV2sIRIbO902d7EVdpj2A9j7g==",
      "dev": true
    },
    "node_modules/esbuild": {
      "version": "0.21.5",
      "resolved": "https://registry.npmjs.org/esbuild/-/esbuild-0.21.5.tgz",
      "integrity": "sha512-y6xy4C3J22izT4eSoe8b6bLw4fR02xqv4QDfP54H5F0Pqf8TKShrrLhQx8ISfbpYpX+Wk0jGvxv7/p1lVbWz+A==",
      "dev": true,
      "hasInstallScript": true,
      "bin": {
        "esbuild": "bin/esbuild"
      },
      "engines": {
        "node": ">=12"
      },
      "optionalDependencies": {
        "@esbuild/android-arm": "0.21.5",
        "@esbuild/android-arm64": "0.21.5",
        "@esbuild/android-x64": "0.21.5",
        "@esbuild/darwin-arm64": "0.21.5",
        "@esbuild/darwin-x64": "0.21.5",
        "@esbuild/freebsd-arm64": "0.21.5",
        "@esbuild/freebsd-x64": "0.21.5",
        "@esbuild/linux-arm": "0.21.5",
        "@esbuild/linux-arm64": "0.21.5",
        "@esbuild/linux-ia32": "0.21.5",
        "@esbuild/linux-loong64": "0.21.5",
        "@esbuild/linux-mips64el": "0.21.5",
        "@esbuild/linux-ppc64": "0.21.5",
        "@esbuild/linux-riscv64": "0.21.5",
        "@esbuild/linux-s390x": "0.21.5",
        "@esbuild/linux-x64": "0.21.5",
        "@esbuild/netbsd-x64": "0.21.5",
        "@esbuild/openbsd-x64": "0.21.5",
        "@esbuild/sunos-x64": "0.21.5",
        "@esbuild/win32-arm64": "0.21.5",
        "@esbuild/win32-ia32": "0.21.5",
        "@esbuild/win32-x64": "0.21.5"
      }
    },
    "node_modules/faye-websocket": {
      "version": "0.11.4",
      "resolved": "https://registry.npmjs.org/faye-websocket/-/faye-websocket-0.11.4.tgz",
      "integrity": "sha512-CzbClwlXAuiRQAlUyfqPgvPoNKTckTPGfwZV4ZdAhVcP2lh9KUxJg2b5GkE7XbjKQ3YJnQ9z6D9ntLAlB+tP8g==",
      "dependencies": {
        "websocket-driver": ">=0.5.1"
      },
      "engines": {
        "node": ">=0.8.0"
      }
    },
    "node_modules/firebase": {
      "version": "10.12.2",
      "resolved": "https://registry.npmjs.org/firebase/-/firebase-10.12.2.tgz",
      "integrity": "sha512-5v/aYg2F3a2Xac2x2n2T33obj573Pl6aC0fPY8IKzIqplRAnmof5a5ut/YQ425e40vWa5d5PZyMwN5dxpDdx+Q==",
      "dependencies": {
        "@firebase/app": "0.10.6",
        "@firebase/app-compat": "0.2.29",
        "@firebase/auth": "1.7.0",
        "@firebase/auth-compat": "0.4.34",
        "@firebase/database": "0.14.16",
        "@firebase/database-compat": "0.2.15",
        "@firebase/firestore": "4.6.3",
        "@firebase/firestore-compat": "0.1.33",
        "@firebase/functions": "0.11.4",
        "@firebase/functions-compat": "0.2.21",
        "@firebase/installations": "0.6.8",
        "@firebase/installations-compat": "0.2.7",
        "@firebase/messaging": "0.12.9",
        "@firebase/messaging-compat": "0.1.28",
        "@firebase/storage": "0.12.6",
        "@firebase/storage-compat": "0.2.20",
        "tslib": "^2.1.0"
      }
    },
    "node_modules/http-parser-js": {
      "version": "0.5.8",
      "resolved": "https://registry.npmjs.org/http-parser-js/-/http-parser-js-0.5.8.tgz",
      "integrity": "sha512-SGeJK6IFhLLpA322pGIBjo+yPjeVAaPQiVpJedq6020iI8702w+8s9z5a4D7mPy1beNF4ryYha9g/lyx/wEeaA=="
    },
    "node_modules/idb": {
      "version": "8.0.0",
      "resolved": "https://registry.npmjs.org/idb/-/idb-8.0.0.tgz",
      "integrity": "sha512-l33N6278SN0cRULaRYp5LhI23WbA68Kk8J7yYBMpTUPo3H7IeKj222aBmh4Mft3zPoPveXQnK5hS23gS2yY+JA=="
    },
    "node_modules/js-tokens": {
      "version": "4.0.0",
      "resolved": "https://registry.npmjs.org/js-tokens/-/js-tokens-4.0.0.tgz",
      "integrity": "sha512-RdJUflcE3cUzKiMqQgsCu06FPu9UdIJO0beYbPhHN4k6apgJtifcoCtT9bcxOpYBtpD2kCM6Sbzg4CausW/PKQ=="
    },
    "node_modules/lightningcss": {
      "version": "1.25.1",
      "resolved": "https://registry.npmjs.org/lightningcss/-/lightningcss-1.25.1.tgz",
      "integrity": "sha512-5/+/293Nl6YgflT4rXz3223Ech75L4G3M0rRr3f1D1m3xQorP2V2pAylgSFFnlb22l2jV87/sNK4iWf6o+yL+g==",
      "dev": true,
      "hasInstallScript": true,
      "engines": {
        "node": ">= 12.0.0"
      },
      "optionalDependencies": {
        "lightningcss-darwin-arm64": "1.25.1",
        "lightningcss-darwin-x64": "1.25.1",
        "lightningcss-linux-arm-gnueabihf": "1.25.1",
        "lightningcss-linux-arm64-gnu": "1.25.1",
        "lightningcss-linux-arm64-musl": "1.25.1",
        "lightningcss-linux-x64-gnu": "1.25.1",
        "lightningcss-linux-x64-musl": "1.25.1",
        "lightningcss-win32-arm64-msvc": "1.25.1",
        "lightningcss-win32-ia32-msvc": "1.25.1",
        "lightningcss-win32-x64-msvc": "1.25.1"
      }
    },
    "node_modules/long": {
      "version": "5.2.3",
      "resolved": "https://registry.npmjs.org/long/-/long-5.2.3.tgz",
      "integrity": "sha512-lcH2d3cFCwMLM2Gf7G0nweXJ08f65GesO9rXz4wJ2F2jjbUSsoiDVoNen2xJ/ALm1pE4i+sL8z3S8zTf24bS2Q=="
    },
    "node_modules/loose-envify": {
      "version": "1.4.0",
      "resolved": "https://registry.npmjs.org/loose-envify/-/loose-envify-1.4.0.tgz",
      "integrity": "sha512-lyuxPGr/Wfhrlem2CL/UcnUc1zcqKAImBDzukY7Y5F/yQiNdko6+fRLevlw1HgMySw7f611UIY408EtxRSoK3Q==",
      "dependencies": {
        "js-tokens": "^3.0.0 || ^4.0.0"
      },
      "bin": {
        "loose-envify": "cli.js"
      }
    },
    "node_modules/nanoid": {
      "version": "3.3.7",
      "resolved": "https://registry.npmjs.org/nanoid/-/nanoid-3.3.7.tgz",
      "integrity": "sha512-eSRppjcPIat8LTUlNADFwF3IZ5t/3RI5b2q2GgXy2A21I1I+chj4s2seyIeE2mdQk2Dk+Nu4Y3k/dDkcQd94QA==",
      "dev": true,
      "funding": [
        {
          "type": "github",
          "url": "https://github.com/sponsors/ai"
        }
      ],
      "bin": {
        "nanoid": "bin/nanoid.js"
      },
      "engines": {
        "node": "^10 || ^12 || ^13.7 || ^14 || >=15.0.1"
      }
    },
    "node_modules/picocolors": {
      "version": "1.0.1",
      "resolved": "https://registry.npmjs.org/picocolors/-/picocolors-1.0.1.tgz",
      "integrity": "sha512-anKPKmUk9iS2+1P0gGgBgDTVmhHQpeW9w2ax7zV7Y9wzMw9Vq0kQDF92i23Y301r9Wv2/W3KCR1fIsAIPs6eWg==",
      "dev": true
    },
    "node_modules/postcss": {
      "version": "8.4.38",
      "resolved": "https://registry.npmjs.org/postcss/-/postcss-8.4.38.tgz",
      "integrity": "sha512-oWz+1JxtTz8m5f53YYs7sE2y3yG32iUUy2k2Di2e3yJRh2QVIJg6b8eA/Drt22qPzPxwEPlYpEtD+g9SkCX6jA==",
      "dev": true,
      "funding": [
        {
          "type": "opencollective",
          "url": "https://opencollective.com/postcss/"
        },
        {
          "type": "tidelift",
          "url": "https://tidelift.com/funding/github/npm/postcss"
        },
        {
          "type": "github",
          "url": "https://github.com/sponsors/ai"
        }
      ],
      "dependencies": {
        "nanoid": "^3.3.7",
        "picocolors": "^1.0.0",
        "source-map-js": "^1.2.0"
      },
      "engines": {
        "node": "^12.0 || ^14.0 || >=16.0"
      }
    },
    "node_modules/react": {
      "version": "18.2.0",
      "resolved": "https://registry.npmjs.org/react/-/react-18.2.0.tgz",
      "integrity": "sha512-/3IjMdbBCA51B/u5t2OyvoFBmlOMqzuRvGdoeTTve+UhNbqKrgYmECHlIunYbJnbeUR9cr6VqXoiCtGMZXEXQA==",
      "dependencies": {
        "loose-envify": "^1.4.0"
      },
      "engines": {
        "node": ">=0.10.0"
      }
    },
    "node_modules/react-dom": {
      "version": "18.2.0",
      "resolved": "https://registry.npmjs.org/react-dom/-/react-dom-18.2.0.tgz",
      "integrity": "sha512-6IMs9DVfszzkAfiEMEXZ2LP LaurieLhGkpodWPL1CzHeIbh2Fe5f具/LmsyvP9jGWrJTCJzIe29V9s2FepIun6o/w==",
      "dependencies": {
        "loose-envify": "^1.4.0",
        "scheduler": "^0.23.0"
      },
      "peerDependencies": {
        "react": "^18.2.0"
      }
    },
    "node_modules/regenerator-runtime": {
      "version": "0.14.1",
      "resolved": "https://registry.npmjs.org/regenerator-runtime/-/regenerator-runtime-0.14.1.tgz",
      "integrity": "sha512-dYnhHh0nJoMfnkZs6GmmhFknAGRrLznOu5nc9ML+EJxGvrx6H7teuevqVqCuPcPK//3eDrrjQhehXVx9cnkGdw==",
      "dev": true
    },
    "node_modules/rollup": {
      "version": "4.18.0",
      "resolved": "https://registry.npmjs.org/rollup/-/rollup-4.18.0.tgz",
      "integrity": "sha512-cj2KLm62qUa6nN08Qx/I1s3a6x8/3p1Qj82uaJgALkSjw6FyZ9s8R2hV+xjz10Ztq3H1O2uA9a8fLA1s3/c0zA==",
      "dev": true,
      "hasInstallScript": true,
      "bin": {
        "rollup": "dist/bin/rollup"
      },
      "engines": {
        "node": ">=18.0.0",
        "npm": ">=8.0.0"
      },
      "optionalDependencies": {
        "@rollup/rollup-android-arm-eabi": "4.18.0",
        "@rollup/rollup-android-arm64": "4.18.0",
        "@rollup/rollup-darwin-arm64": "4.18.0",
        "@rollup/rollup-darwin-x64": "4.18.0",
        "@rollup/rollup-linux-arm-gnueabihf": "4.18.0",
        "@rollup/rollup-linux-arm64-gnu": "4.18.0",
        "@rollup/rollup-linux-arm64-musl": "4.18.0",
        "@rollup/rollup-linux-x64-gnu": "4.18.0",
        "@rollup/rollup-linux-x64-musl": "4.18.0",
        "@rollup/rollup-win32-arm64-msvc": "4.18.0",
        "@rollup/rollup-win32-ia32-msvc": "4.18.0",
        "@rollup/rollup-win32-x64-msvc": "4.18.0"
      }
    },
    "node_modules/scheduler": {
      "version": "0.23.2",
      "resolved": "https://registry.npmjs.org/scheduler/-/scheduler-0.23.2.tgz",
      "integrity": "sha512-EtsK2MaCCkG2T0MB707dDdsL4a2599X8wfbklxK252i9ph/wcsD/OsA6Tf2kO90km4a+XALa35Y63s8eWevYig==",
      "dependencies": {
        "loose-envify": "^1.4.0"
      }
    },
    "node_modules/source-map-js": {
      "version": "1.2.0",
      "resolved": "https://registry.npmjs.org/source-map-js/-/source-map-js-1.2.0.tgz",
      "integrity": "sha512-it++wN3oU2hK3gqa54i4lmn3Q0Yw0i19c72vtvYnZ582n6oCRiRchw7MDCYg8iL3hfe59x+y63k673h52k72A==",
      "dev": true,
      "engines": {
        "node": ">=0.10.0"
      }
    },
    "node_modules/tslib": {
      "version": "2.6.3",
      "resolved": "https://registry.npmjs.org/tslib/-/tslib-2.6.3.tgz",
      "integrity": "sha512-xN0OqNz23T2ovR2i3n7QkQ2wnkWR8gGWtElkmnYt3aa7sdm03LuvfyuP3p4AClS50EBKtUfQhdIkS8cnveH/Cw=="
    },
    "node_modules/typescript": {
      "version": "5.5.2",
      "resolved": "https://registry.npmjs.org/typescript/-/typescript-5.5.2.tgz",
      "integrity": "sha512-NcRtPEOsPFFWjobJEtfihkLCZCCljE3csVybbrJAe9OBDTYCFFDPPEy7z9lbHloiHZEpHUoB+V5bAoh0K7zMAw==",
      "dev": true,
      "bin": {
        "tsc": "bin/tsc",
        "tsserver": "bin/tsserver"
      },
      "engines": {
        "node": ">=14.17"
      }
    },
    "node_modules/undici-types": {
      "version": "5.26.5",
      "resolved": "https://registry.npmjs.org/undici-types/-/undici-types-5.26.5.tgz",
      "integrity": "sha512-JlCMO+ehdEIKqlFxk6IfVoAUVmgz7cU7zD/h9XZ0qzeosSHmUJVOzSQvvYSYWXkFXC+IfLKSIffhv0sVZup6pA==",
      "dev": true
    },
    "node_modules/vite": {
      "version": "5.3.1",
      "resolved": "https://registry.npmjs.org/vite/-/vite-5.3.1.tgz",
      "integrity": "sha512-1Wz6Au4cr7xlO8dPER7C2eN4SpwWNUkQmsl2uQ4Puqj3Ea1X6wxsR5ca873Ivg2u1nQ1j5p/59p1QReTxj/6iQ==",
      "dev": true,
      "hasInstallScript": true,
      "dependencies": {
        "esbuild": "^0.21.2",
        "lightningcss": "~1.25.1",
        "postcss": "^8.4.38",
        "rollup": "^4.18.0"
      },
      "bin": {
        "vite": "bin/vite.js"
      },
      "engines": {
        "node": "^18.0.0 || >=20.0.0"
      },
      "funding": {
        "url": "https://github.com/sponsors/yyx990803"
      },
      "optionalDependencies": {
        "fsevents": "~2.3.3"
      }
    },
    "node_modules/websocket-driver": {
      "version": "0.7.4",
      "resolved": "https://registry.npmjs.org/websocket-driver/-/websocket-driver-0.7.4.tgz",
      "integrity": "sha512-b17KeDIQVjvb0ssuSDF2cYXSg2iztliJ4B9WdsuB6J952qCPKmnVq4DyW5motImXHDC1cBT/1UezrJVsKw5zjg==",
      "dependencies": {
        "http-parser-js": ">=0.5.1",
        "safe-buffer": ">=5.1.0",
        "websocket-extensions": ">=0.1.1"
      },
      "engines": {
        "node": ">=0.8.0"
      }
    },
    "node_modules/websocket-extensions": {
      "version": "0.1.4",
      "resolved": "https://registry.npmjs.org/websocket-extensions/-/websocket-extensions-0.1.4.tgz",
      "integrity": "sha512-OqedPIGOfsDlo31UNwYbCFMSaO9m9G/0faIHj5/dZFDMFqPTcx6UwqyOy3COEaEOg/9VsGIpdqn62W5KhoKSpg==",
      "engines": {
        "node": ">=0.8.0"
      }
    }
  }
}